<?xml version="1.0" encoding="utf-8"?>
<Project ToolsVersion="4.0" xmlns="http://schemas.microsoft.com/developer/msbuild/2003">
  <ItemGroup>
    <Filter Include="소스 파일">
      <UniqueIdentifier>{4FC737F1-C7A5-4376-A066-2A32D752A2FF}</UniqueIdentifier>
      <Extensions>cpp;c;cc;cxx;c++;cppm;ixx;def;odl;idl;hpj;bat;asm;asmx</Extensions>
    </Filter>
    <Filter Include="헤더 파일">
      <UniqueIdentifier>{93995380-89BD-4b04-88EB-625FBE52EBFB}</UniqueIdentifier>
      <Extensions>h;hh;hpp;hxx;h++;hm;inl;inc;ipp;xsd</Extensions>
    </Filter>
    <Filter Include="리소스 파일">
      <UniqueIdentifier>{67DA6AB6-F800-4c08-8B7A-83BB121AAD01}</UniqueIdentifier>
      <Extensions>rc;ico;cur;bmp;dlg;rc2;rct;bin;rgs;gif;jpg;jpeg;jpe;resx;tiff;tif;png;wav;mfcribbon-ms</Extensions>
    </Filter>
    <Filter Include="MainGame">
      <UniqueIdentifier>{bd2f616f-c0f0-4a38-9b11-417ed8aa3593}</UniqueIdentifier>
    </Filter>
    <Filter Include="Player">
      <UniqueIdentifier>{48f95123-59e8-4d4f-93f8-4fd8bb1c7f75}</UniqueIdentifier>
    </Filter>
    <Filter Include="Define">
      <UniqueIdentifier>{318df02b-44be-4e8e-8755-fbd76b071554}</UniqueIdentifier>
    </Filter>
    <Filter Include="Monster">
      <UniqueIdentifier>{e362b2e1-bfbe-40c9-b0a0-999f3457f3f8}</UniqueIdentifier>
    </Filter>
    <Filter Include="Field">
      <UniqueIdentifier>{812196cf-763f-4011-8ef3-60a1bf5daa95}</UniqueIdentifier>
    </Filter>
    <Filter Include="Shop">
      <UniqueIdentifier>{99c06006-bb2f-4783-99f7-bfd9d45edfd6}</UniqueIdentifier>
    </Filter>
  </ItemGroup>
  <ItemGroup>
    <ClCompile Include="TextRPG.cpp">
      <Filter>소스 파일</Filter>
    </ClCompile>
    <ClCompile Include="pch.cpp">
      <Filter>소스 파일</Filter>
    </ClCompile>
    <ClCompile Include="CMainGame.cpp">
      <Filter>MainGame</Filter>
    </ClCompile>
    <ClCompile Include="CPlayer.cpp">
      <Filter>Player</Filter>
    </ClCompile>
    <ClCompile Include="Define.cpp">
      <Filter>Define</Filter>
    </ClCompile>
    <ClCompile Include="CMonster.cpp">
      <Filter>Monster</Filter>
    </ClCompile>
    <ClCompile Include="CField.cpp">
      <Filter>Field</Filter>
    </ClCompile>
    <ClCompile Include="CShop.cpp">
      <Filter>Shop</Filter>
    </ClCompile>
  </ItemGroup>
  <ItemGroup>
    <ClInclude Include="pch.h">
      <Filter>헤더 파일</Filter>
    </ClInclude>
    <ClInclude Include="CMainGame.h">
      <Filter>MainGame</Filter>
    </ClInclude>
    <ClInclude Include="CPlayer.h">
      <Filter>Player</Filter>
    </ClInclude>
    <ClInclude Include="Define.h">
      <Filter>Define</Filter>
    </ClInclude>
    <ClInclude Include="CMonster.h">
      <Filter>Monster</Filter>
    </ClInclude>
    <ClInclude Include="CField.h">
      <Filter>Field</Filter>
    </ClInclude>
    <ClInclude Include="CShop.h">
      <Filter>Shop</Filter>
    </ClInclude>
  </ItemGroup>
</Project>