
Microsoft Visual Studio Solution File, Format Version 12.00
# Visual Studio Version 17
VisualStudioVersion = 17.10.35122.118
MinimumVisualStudioVersion = 10.0.40219.1
Project("{8BC9CEB8-8B4A-11D0-8D11-00A0C91BC942}") = "Client", "Client\Default\Client.vcxproj", "{3F7BF564-CC79-4F33-BF98-65FF87A4FED9}"
EndProject
Project("{8BC9CEB8-8B4A-11D0-8D11-00A0C91BC942}") = "Engine", "Engine\Default\Engine.vcxproj", "{F3D2AF7E-EE17-456D-B9F5-4475E2D7D674}"
EndProject
Global
	GlobalSection(SolutionConfigurationPlatforms) = preSolution
		Debug|x64 = Debug|x64
		Debug|x86 = Debug|x86
		Release|x64 = Release|x64
		Release|x86 = Release|x86
	EndGlobalSection
	GlobalSection(ProjectConfigurationPlatforms) = postSolution
		{3F7BF564-CC79-4F33-BF98-65FF87A4FED9}.Debug|x64.ActiveCfg = Debug|x64
		{3F7BF564-CC79-4F33-BF98-65FF87A4FED9}.Debug|x64.Build.0 = Debug|x64
		{3F7BF564-CC79-4F33-BF98-65FF87A4FED9}.Debug|x86.ActiveCfg = Debug|Win32
		{3F7BF564-CC79-4F33-BF98-65FF87A4FED9}.Debug|x86.Build.0 = Debug|Win32
		{3F7BF564-CC79-4F33-BF98-65FF87A4FED9}.Release|x64.ActiveCfg = Release|x64
		{3F7BF564-CC79-4F33-BF98-65FF87A4FED9}.Release|x64.Build.0 = Release|x64
		{3F7BF564-CC79-4F33-BF98-65FF87A4FED9}.Release|x86.ActiveCfg = Release|Win32
		{3F7BF564-CC79-4F33-BF98-65FF87A4FED9}.Release|x86.Build.0 = Release|Win32
		{F3D2AF7E-EE17-456D-B9F5-4475E2D7D674}.Debug|x64.ActiveCfg = Debug|x64
		{F3D2AF7E-EE17-456D-B9F5-4475E2D7D674}.Debug|x64.Build.0 = Debug|x64
		{F3D2AF7E-EE17-456D-B9F5-4475E2D7D674}.Debug|x86.ActiveCfg = Debug|Win32
		{F3D2AF7E-EE17-456D-B9F5-4475E2D7D674}.Debug|x86.Build.0 = Debug|Win32
		{F3D2AF7E-EE17-456D-B9F5-4475E2D7D674}.Release|x64.ActiveCfg = Release|x64
		{F3D2AF7E-EE17-456D-B9F5-4475E2D7D674}.Release|x64.Build.0 = Release|x64
		{F3D2AF7E-EE17-456D-B9F5-4475E2D7D674}.Release|x86.ActiveCfg = Release|Win32
		{F3D2AF7E-EE17-456D-B9F5-4475E2D7D674}.Release|x86.Build.0 = Release|Win32
	EndGlobalSection
	GlobalSection(SolutionProperties) = preSolution
		HideSolutionNode = FALSE
	EndGlobalSection
	GlobalSection(ExtensibilityGlobals) = postSolution
		SolutionGuid = {1EBDE979-2490-489F-8C84-0911256BFA78}
	EndGlobalSection
EndGlobal
