<?xml version="1.0" encoding="utf-8"?>
<Project ToolsVersion="4.0" xmlns="http://schemas.microsoft.com/developer/msbuild/2003">
  <ItemGroup>
    <Filter Include="99. Defines">
      <UniqueIdentifier>{900d18da-9bc7-4c64-a9ef-7610b2277822}</UniqueIdentifier>
    </Filter>
    <Filter Include="01. Timers">
      <UniqueIdentifier>{b50d97fc-446e-4b23-8292-53682d96baf7}</UniqueIdentifier>
    </Filter>
    <Filter Include="01. Timers\Manager">
      <UniqueIdentifier>{445f88da-e951-4411-b8c8-c9f725a82c3b}</UniqueIdentifier>
    </Filter>
    <Filter Include="00. GameInstance">
      <UniqueIdentifier>{fa9196b0-8adf-44eb-ade8-6b9c9aad6199}</UniqueIdentifier>
    </Filter>
    <Filter Include="02. Device">
      <UniqueIdentifier>{a0b1fc7a-0ae8-421d-8a0f-b613dacbed27}</UniqueIdentifier>
    </Filter>
    <Filter Include="02. Device\Graphic">
      <UniqueIdentifier>{539020f6-a373-4dff-956f-933d629ce6eb}</UniqueIdentifier>
    </Filter>
    <Filter Include="03. Levels">
      <UniqueIdentifier>{a03881c8-be74-4a77-b05f-ef210d41769e}</UniqueIdentifier>
    </Filter>
    <Filter Include="03. Levels\Manager">
      <UniqueIdentifier>{b77c14db-24be-4a71-8bf6-6b0860f31a12}</UniqueIdentifier>
    </Filter>
    <Filter Include="07. Camera">
      <UniqueIdentifier>{7fe7501a-8427-4b61-ab8c-bf82f6654429}</UniqueIdentifier>
    </Filter>
    <Filter Include="07. Camera\Manager">
      <UniqueIdentifier>{e76d5229-a85c-4319-ac10-d604d10d9e8f}</UniqueIdentifier>
    </Filter>
    <Filter Include="06. Component">
      <UniqueIdentifier>{70cda3ca-5d87-4a93-b1a4-fc0a94e663eb}</UniqueIdentifier>
    </Filter>
    <Filter Include="05. GameObject">
      <UniqueIdentifier>{e53f6393-4c2e-45f4-adcf-8be019a4fe75}</UniqueIdentifier>
    </Filter>
    <Filter Include="04. Prototypes">
      <UniqueIdentifier>{f42eccff-2608-43f2-8d97-8c138bd70fe4}</UniqueIdentifier>
    </Filter>
    <Filter Include="04. Prototypes\Manager">
      <UniqueIdentifier>{d4948aff-7631-40bc-9d04-88fa9c603de6}</UniqueIdentifier>
    </Filter>
    <Filter Include="05. GameObject\Manager">
      <UniqueIdentifier>{25557e8e-d744-4c16-99bb-af42888bf9ef}</UniqueIdentifier>
    </Filter>
    <Filter Include="05. GameObject\Manager\Layer">
      <UniqueIdentifier>{47efc82e-da10-48a0-b028-0a42c53d2050}</UniqueIdentifier>
    </Filter>
    <Filter Include="08. Light">
      <UniqueIdentifier>{2275e296-f666-4f6f-88a7-5ec3bb88b248}</UniqueIdentifier>
    </Filter>
    <Filter Include="08. Light\01. PointLight">
      <UniqueIdentifier>{1e1a3983-23e8-4bb0-94d2-0616a94374b7}</UniqueIdentifier>
    </Filter>
    <Filter Include="08. Light\02. DirectionalLight">
      <UniqueIdentifier>{221ee111-a3b0-4d28-881a-285094942740}</UniqueIdentifier>
    </Filter>
    <Filter Include="08. Light\03. SpotLight">
      <UniqueIdentifier>{3b2d2e0d-eebf-471a-92b1-1878e8447eb6}</UniqueIdentifier>
    </Filter>
    <Filter Include="08. Light\00. Manager">
      <UniqueIdentifier>{16caa894-e5f1-4ff2-ad29-125f69aec517}</UniqueIdentifier>
    </Filter>
    <Filter Include="09. Renderer">
      <UniqueIdentifier>{c68b7599-8680-4b08-8f80-61941eee7b98}</UniqueIdentifier>
    </Filter>
  </ItemGroup>
  <ItemGroup>
    <ClInclude Include="..\Public\Engine_Defines.h">
      <Filter>99. Defines</Filter>
    </ClInclude>
    <ClInclude Include="..\Public\Engine_Enum.h">
      <Filter>99. Defines</Filter>
    </ClInclude>
    <ClInclude Include="..\Public\Engine_Function.h">
      <Filter>99. Defines</Filter>
    </ClInclude>
    <ClInclude Include="..\Public\Engine_Macro.h">
      <Filter>99. Defines</Filter>
    </ClInclude>
    <ClInclude Include="..\Public\Engine_Struct.h">
      <Filter>99. Defines</Filter>
    </ClInclude>
    <ClInclude Include="..\Public\Engine_Typedef.h">
      <Filter>99. Defines</Filter>
    </ClInclude>
    <ClInclude Include="..\Public\Timer.h">
      <Filter>01. Timers</Filter>
    </ClInclude>
    <ClInclude Include="..\Public\Timer_Manager.h">
      <Filter>01. Timers\Manager</Filter>
    </ClInclude>
    <ClInclude Include="..\Public\GameInstance.h">
      <Filter>00. GameInstance</Filter>
    </ClInclude>
    <ClInclude Include="..\Public\Graphic_Device.h">
      <Filter>02. Device\Graphic</Filter>
    </ClInclude>
    <ClInclude Include="..\Public\Level.h">
      <Filter>03. Levels</Filter>
    </ClInclude>
    <ClInclude Include="..\Public\Level_Manager.h">
      <Filter>03. Levels\Manager</Filter>
    </ClInclude>
    <ClInclude Include="..\Public\GameObject.h">
      <Filter>05. GameObject</Filter>
    </ClInclude>
    <ClInclude Include="..\public\Camera.h">
      <Filter>07. Camera</Filter>
    </ClInclude>
    <ClInclude Include="..\Public\Prototype.h">
      <Filter>04. Prototypes</Filter>
    </ClInclude>
    <ClInclude Include="..\public\Prototype_Manager.h">
      <Filter>04. Prototypes\Manager</Filter>
    </ClInclude>
    <ClInclude Include="..\public\Component.h">
      <Filter>06. Component</Filter>
    </ClInclude>
    <ClInclude Include="..\public\Object_Manager.h">
      <Filter>05. GameObject\Manager</Filter>
    </ClInclude>
    <ClInclude Include="..\public\Layer.h">
      <Filter>05. GameObject\Manager\Layer</Filter>
    </ClInclude>
    <ClInclude Include="..\public\Camera_Manager.h">
      <Filter>07. Camera\Manager</Filter>
    </ClInclude>
    <ClInclude Include="..\public\PointLight.h">
      <Filter>08. Light\01. PointLight</Filter>
    </ClInclude>
    <ClInclude Include="..\public\Light.h">
      <Filter>08. Light</Filter>
    </ClInclude>
    <ClInclude Include="..\Public\Light_Manager.h">
      <Filter>08. Light\00. Manager</Filter>
    </ClInclude>
    <ClInclude Include="..\public\DirectionalLight.h">
      <Filter>08. Light\02. DirectionalLight</Filter>
    </ClInclude>
    <ClInclude Include="..\public\SpotLight.h">
      <Filter>08. Light\03. SpotLight</Filter>
    </ClInclude>
    <ClInclude Include="..\public\Renderer.h">
      <Filter>09. Renderer</Filter>
    </ClInclude>
  </ItemGroup>
  <ItemGroup>
    <ClCompile Include="..\Private\Timer.cpp">
      <Filter>01. Timers</Filter>
    </ClCompile>
    <ClCompile Include="..\Private\Timer_Manager.cpp">
      <Filter>01. Timers\Manager</Filter>
    </ClCompile>
    <ClCompile Include="..\Private\GameInstance.cpp">
      <Filter>00. GameInstance</Filter>
    </ClCompile>
    <ClCompile Include="..\Private\Graphic_Device.cpp">
      <Filter>02. Device\Graphic</Filter>
    </ClCompile>
    <ClCompile Include="..\Private\Level.cpp">
      <Filter>03. Levels</Filter>
    </ClCompile>
    <ClCompile Include="..\Private\Level_Manager.cpp">
      <Filter>03. Levels\Manager</Filter>
    </ClCompile>
    <ClCompile Include="..\Private\GameObject.cpp">
      <Filter>05. GameObject</Filter>
    </ClCompile>
    <ClCompile Include="..\private\Camera.cpp">
      <Filter>07. Camera</Filter>
    </ClCompile>
    <ClCompile Include="..\private\Prototype.cpp">
      <Filter>04. Prototypes</Filter>
    </ClCompile>
    <ClCompile Include="..\private\Prototype_Manager.cpp">
      <Filter>04. Prototypes\Manager</Filter>
    </ClCompile>
    <ClCompile Include="..\private\Component.cpp">
      <Filter>06. Component</Filter>
    </ClCompile>
    <ClCompile Include="..\private\Object_Manager.cpp">
      <Filter>05. GameObject\Manager</Filter>
    </ClCompile>
    <ClCompile Include="..\private\Layer.cpp">
      <Filter>05. GameObject\Manager\Layer</Filter>
    </ClCompile>
    <ClCompile Include="..\private\Camera_Manager.cpp">
      <Filter>07. Camera\Manager</Filter>
    </ClCompile>
    <ClCompile Include="..\private\PointLight.cpp">
      <Filter>08. Light\01. PointLight</Filter>
    </ClCompile>
    <ClCompile Include="..\private\Light.cpp">
      <Filter>08. Light</Filter>
    </ClCompile>
    <ClCompile Include="..\Private\Light_Manager.cpp">
      <Filter>08. Light\00. Manager</Filter>
    </ClCompile>
    <ClCompile Include="..\Private\DirectionalLight.cpp">
      <Filter>08. Light\02. DirectionalLight</Filter>
    </ClCompile>
    <ClCompile Include="..\private\SpotLight.cpp">
      <Filter>08. Light\03. SpotLight</Filter>
    </ClCompile>
    <ClCompile Include="..\private\Renderer.cpp">
      <Filter>09. Renderer</Filter>
    </ClCompile>
  </ItemGroup>
</Project>