<?xml version="1.0" encoding="utf-8"?>
<Project ToolsVersion="4.0" xmlns="http://schemas.microsoft.com/developer/msbuild/2003">
  <ItemGroup>
    <Filter Include="소스 파일">
      <UniqueIdentifier>{4FC737F1-C7A5-4376-A066-2A32D752A2FF}</UniqueIdentifier>
      <Extensions>cpp;c;cc;cxx;c++;cppm;ixx;def;odl;idl;hpj;bat;asm;asmx</Extensions>
    </Filter>
    <Filter Include="헤더 파일">
      <UniqueIdentifier>{93995380-89BD-4b04-88EB-625FBE52EBFB}</UniqueIdentifier>
      <Extensions>h;hh;hpp;hxx;h++;hm;inl;inc;ipp;xsd</Extensions>
    </Filter>
    <Filter Include="리소스 파일">
      <UniqueIdentifier>{67DA6AB6-F800-4c08-8B7A-83BB121AAD01}</UniqueIdentifier>
      <Extensions>rc;ico;cur;bmp;dlg;rc2;rct;bin;rgs;gif;jpg;jpeg;jpe;resx;tiff;tif;png;wav;mfcribbon-ms</Extensions>
    </Filter>
    <Filter Include="00. MainGame">
      <UniqueIdentifier>{7b83c16b-3da2-4684-826c-04287188188a}</UniqueIdentifier>
    </Filter>
    <Filter Include="01. Obj">
      <UniqueIdentifier>{fc3fa204-034e-4946-9bbf-b7204ad0b6c2}</UniqueIdentifier>
    </Filter>
    <Filter Include="02. AbstractFactory">
      <UniqueIdentifier>{6884d3ff-f450-47f0-bf18-793146856c9c}</UniqueIdentifier>
    </Filter>
    <Filter Include="01. Obj\00. Player">
      <UniqueIdentifier>{75861ac7-1683-439a-a350-60dc9c1fc117}</UniqueIdentifier>
    </Filter>
    <Filter Include="01. Obj\01. Bullet">
      <UniqueIdentifier>{18278da1-7a6c-4529-ae07-93121123076d}</UniqueIdentifier>
    </Filter>
    <Filter Include="01. Obj\02. Monster">
      <UniqueIdentifier>{2625d27d-b009-47fc-b9b9-15e641f0d37b}</UniqueIdentifier>
    </Filter>
    <Filter Include="02. AbstractFactory\01. CollisionMgr">
      <UniqueIdentifier>{216748c5-90a5-4ae7-9059-00b0f5fbc722}</UniqueIdentifier>
    </Filter>
    <Filter Include="02. AbstractFactory\00. AbstractFactory">
      <UniqueIdentifier>{d8cf372d-cd2a-424e-84c0-7144c0a4295c}</UniqueIdentifier>
    </Filter>
  </ItemGroup>
  <ItemGroup>
    <ClInclude Include="framework.h">
      <Filter>헤더 파일</Filter>
    </ClInclude>
    <ClInclude Include="targetver.h">
      <Filter>헤더 파일</Filter>
    </ClInclude>
    <ClInclude Include="Resource.h">
      <Filter>헤더 파일</Filter>
    </ClInclude>
    <ClInclude Include="260519.h">
      <Filter>헤더 파일</Filter>
    </ClInclude>
    <ClInclude Include="pch.h">
      <Filter>헤더 파일</Filter>
    </ClInclude>
    <ClInclude Include="Define.h">
      <Filter>헤더 파일</Filter>
    </ClInclude>
    <ClInclude Include="CMainGame.h">
      <Filter>00. MainGame</Filter>
    </ClInclude>
    <ClInclude Include="CObj.h">
      <Filter>01. Obj</Filter>
    </ClInclude>
    <ClInclude Include="CPlayer.h">
      <Filter>01. Obj\00. Player</Filter>
    </ClInclude>
    <ClInclude Include="CBullet.h">
      <Filter>01. Obj\01. Bullet</Filter>
    </ClInclude>
    <ClInclude Include="CMonster.h">
      <Filter>01. Obj\02. Monster</Filter>
    </ClInclude>
    <ClInclude Include="CAbstractFactory.h">
      <Filter>02. AbstractFactory\00. AbstractFactory</Filter>
    </ClInclude>
  </ItemGroup>
  <ItemGroup>
    <ClCompile Include="260519.cpp">
      <Filter>소스 파일</Filter>
    </ClCompile>
    <ClCompile Include="pch.cpp">
      <Filter>소스 파일</Filter>
    </ClCompile>
    <ClCompile Include="CMainGame.cpp">
      <Filter>00. MainGame</Filter>
    </ClCompile>
    <ClCompile Include="CObj.cpp">
      <Filter>01. Obj</Filter>
    </ClCompile>
    <ClCompile Include="CPlayer.cpp">
      <Filter>01. Obj\00. Player</Filter>
    </ClCompile>
    <ClCompile Include="CBullet.cpp">
      <Filter>01. Obj\01. Bullet</Filter>
    </ClCompile>
    <ClCompile Include="CMonster.cpp">
      <Filter>01. Obj\02. Monster</Filter>
    </ClCompile>
  </ItemGroup>
  <ItemGroup>
    <ResourceCompile Include="260519.rc">
      <Filter>리소스 파일</Filter>
    </ResourceCompile>
  </ItemGroup>
  <ItemGroup>
    <Image Include="small.ico">
      <Filter>리소스 파일</Filter>
    </Image>
    <Image Include="260519.ico">
      <Filter>리소스 파일</Filter>
    </Image>
  </ItemGroup>
</Project>