<?xml version="1.0" encoding="utf-8"?>
<Project ToolsVersion="4.0" xmlns="http://schemas.microsoft.com/developer/msbuild/2003">
  <ItemGroup>
    <Filter Include="소스 파일">
      <UniqueIdentifier>{4FC737F1-C7A5-4376-A066-2A32D752A2FF}</UniqueIdentifier>
      <Extensions>cpp;c;cc;cxx;c++;cppm;ixx;def;odl;idl;hpj;bat;asm;asmx</Extensions>
    </Filter>
    <Filter Include="헤더 파일">
      <UniqueIdentifier>{93995380-89BD-4b04-88EB-625FBE52EBFB}</UniqueIdentifier>
      <Extensions>h;hh;hpp;hxx;h++;hm;inl;inc;ipp;xsd</Extensions>
    </Filter>
    <Filter Include="리소스 파일">
      <UniqueIdentifier>{67DA6AB6-F800-4c08-8B7A-83BB121AAD01}</UniqueIdentifier>
      <Extensions>rc;ico;cur;bmp;dlg;rc2;rct;bin;rgs;gif;jpg;jpeg;jpe;resx;tiff;tif;png;wav;mfcribbon-ms</Extensions>
    </Filter>
    <Filter Include="00.MainGame">
      <UniqueIdentifier>{0f928ddd-4149-4b14-b9d6-51a604e7c8bf}</UniqueIdentifier>
    </Filter>
    <Filter Include="01.Obj">
      <UniqueIdentifier>{84edf9a7-bc59-4b0f-bc62-ffc94cdd5fe1}</UniqueIdentifier>
    </Filter>
    <Filter Include="02.Field">
      <UniqueIdentifier>{6d88b34a-2abe-4f89-824c-ed2bd8404b6b}</UniqueIdentifier>
    </Filter>
    <Filter Include="01.Obj\00.Player">
      <UniqueIdentifier>{f41bfb4f-8c99-46d7-b452-ccc4bb68f309}</UniqueIdentifier>
    </Filter>
    <Filter Include="01.Obj\01.Monster">
      <UniqueIdentifier>{6bebdbd4-e3e3-41ca-aba2-ccf6edcf8606}</UniqueIdentifier>
    </Filter>
    <Filter Include="03.Store">
      <UniqueIdentifier>{e27216b4-813b-4b55-8434-a2902d0131ad}</UniqueIdentifier>
    </Filter>
    <Filter Include="01.Obj\02.Item">
      <UniqueIdentifier>{9346af35-a338-41dc-b2d2-1ead3d3216d3}</UniqueIdentifier>
    </Filter>
  </ItemGroup>
  <ItemGroup>
    <ClCompile Include="260426_TextRPG.cpp">
      <Filter>소스 파일</Filter>
    </ClCompile>
    <ClCompile Include="CMainGame.cpp">
      <Filter>00.MainGame</Filter>
    </ClCompile>
    <ClCompile Include="CObj.cpp">
      <Filter>01.Obj</Filter>
    </ClCompile>
    <ClCompile Include="CField.cpp">
      <Filter>02.Field</Filter>
    </ClCompile>
    <ClCompile Include="CPlayer.cpp">
      <Filter>01.Obj\00.Player</Filter>
    </ClCompile>
    <ClCompile Include="CMonster.cpp">
      <Filter>01.Obj\01.Monster</Filter>
    </ClCompile>
    <ClCompile Include="CStore.cpp">
      <Filter>03.Store</Filter>
    </ClCompile>
    <ClCompile Include="CItem.cpp">
      <Filter>01.Obj\02.Item</Filter>
    </ClCompile>
  </ItemGroup>
  <ItemGroup>
    <ClInclude Include="pch.h">
      <Filter>헤더 파일</Filter>
    </ClInclude>
    <ClInclude Include="Define.h">
      <Filter>헤더 파일</Filter>
    </ClInclude>
    <ClInclude Include="CMainGame.h">
      <Filter>00.MainGame</Filter>
    </ClInclude>
    <ClInclude Include="CObj.h">
      <Filter>01.Obj</Filter>
    </ClInclude>
    <ClInclude Include="CField.h">
      <Filter>02.Field</Filter>
    </ClInclude>
    <ClInclude Include="CPlayer.h">
      <Filter>01.Obj\00.Player</Filter>
    </ClInclude>
    <ClInclude Include="CMonster.h">
      <Filter>01.Obj\01.Monster</Filter>
    </ClInclude>
    <ClInclude Include="CStore.h">
      <Filter>03.Store</Filter>
    </ClInclude>
    <ClInclude Include="CItem.h">
      <Filter>01.Obj\02.Item</Filter>
    </ClInclude>
  </ItemGroup>
</Project>