
Microsoft Visual Studio Solution File, Format Version 12.00
# Visual Studio Version 17
VisualStudioVersion = 17.14.37111.16 d17.14
MinimumVisualStudioVersion = 10.0.40219.1
Project("{8BC9CEB8-8B4A-11D0-8D11-00A0C91BC942}") = "260503_TextRPG", "260503_TextRPG.vcxproj", "{A9D5CB17-27C4-40E0-B7B3-F62DB3E66F6E}"
EndProject
Global
	GlobalSection(SolutionConfigurationPlatforms) = preSolution
		Debug|x64 = Debug|x64
		Debug|x86 = Debug|x86
		Release|x64 = Release|x64
		Release|x86 = Release|x86
	EndGlobalSection
	GlobalSection(ProjectConfigurationPlatforms) = postSolution
		{A9D5CB17-27C4-40E0-B7B3-F62DB3E66F6E}.Debug|x64.ActiveCfg = Debug|x64
		{A9D5CB17-27C4-40E0-B7B3-F62DB3E66F6E}.Debug|x64.Build.0 = Debug|x64
		{A9D5CB17-27C4-40E0-B7B3-F62DB3E66F6E}.Debug|x86.ActiveCfg = Debug|Win32
		{A9D5CB17-27C4-40E0-B7B3-F62DB3E66F6E}.Debug|x86.Build.0 = Debug|Win32
		{A9D5CB17-27C4-40E0-B7B3-F62DB3E66F6E}.Release|x64.ActiveCfg = Release|x64
		{A9D5CB17-27C4-40E0-B7B3-F62DB3E66F6E}.Release|x64.Build.0 = Release|x64
		{A9D5CB17-27C4-40E0-B7B3-F62DB3E66F6E}.Release|x86.ActiveCfg = Release|Win32
		{A9D5CB17-27C4-40E0-B7B3-F62DB3E66F6E}.Release|x86.Build.0 = Release|Win32
	EndGlobalSection
	GlobalSection(SolutionProperties) = preSolution
		HideSolutionNode = FALSE
	EndGlobalSection
	GlobalSection(ExtensibilityGlobals) = postSolution
		SolutionGuid = {623B1C1D-4EB6-4688-9465-EE9E98D417B5}
	EndGlobalSection
EndGlobal
