<?xml version="1.0" encoding="utf-8"?>
<Project ToolsVersion="4.0" xmlns="http://schemas.microsoft.com/developer/msbuild/2003">
  <ItemGroup>
    <Filter Include="소스 파일">
      <UniqueIdentifier>{4FC737F1-C7A5-4376-A066-2A32D752A2FF}</UniqueIdentifier>
      <Extensions>cpp;c;cc;cxx;c++;cppm;ixx;def;odl;idl;hpj;bat;asm;asmx</Extensions>
    </Filter>
    <Filter Include="헤더 파일">
      <UniqueIdentifier>{93995380-89BD-4b04-88EB-625FBE52EBFB}</UniqueIdentifier>
      <Extensions>h;hh;hpp;hxx;h++;hm;inl;inc;ipp;xsd</Extensions>
    </Filter>
    <Filter Include="리소스 파일">
      <UniqueIdentifier>{67DA6AB6-F800-4c08-8B7A-83BB121AAD01}</UniqueIdentifier>
      <Extensions>rc;ico;cur;bmp;dlg;rc2;rct;bin;rgs;gif;jpg;jpeg;jpe;resx;tiff;tif;png;wav;mfcribbon-ms</Extensions>
    </Filter>
    <Filter Include="00. MainGame">
      <UniqueIdentifier>{9c24ad04-a2f4-4b96-8f30-60f852bf17e0}</UniqueIdentifier>
    </Filter>
    <Filter Include="01. Obj">
      <UniqueIdentifier>{4f4e7d55-5328-4bcc-8446-8f7b1f6220a3}</UniqueIdentifier>
    </Filter>
    <Filter Include="01. Obj\00. Player">
      <UniqueIdentifier>{ebfd781e-9046-4d72-b4e6-0652c8a57405}</UniqueIdentifier>
    </Filter>
    <Filter Include="01. Obj\01. Bullet">
      <UniqueIdentifier>{97359f0e-a299-4dcd-887f-bcb2e7618e83}</UniqueIdentifier>
    </Filter>
    <Filter Include="01. Obj\02. Monster">
      <UniqueIdentifier>{e5486eec-ba9f-41d2-ba1a-35a12c8eec59}</UniqueIdentifier>
    </Filter>
    <Filter Include="01. Obj\03. Mouse">
      <UniqueIdentifier>{a62e8f6f-c0fc-4abc-a55a-0942e2ca20d0}</UniqueIdentifier>
    </Filter>
    <Filter Include="02. Design">
      <UniqueIdentifier>{a2b4fe72-bb4e-493d-be50-10a9a82e64e2}</UniqueIdentifier>
    </Filter>
    <Filter Include="02. Design\00. AbstractFactory">
      <UniqueIdentifier>{c2655d91-6d0a-4152-83ad-a308208935df}</UniqueIdentifier>
    </Filter>
    <Filter Include="02. Design\01. CollisionMgr">
      <UniqueIdentifier>{cbecda24-3671-4f54-8fc3-7122dad02921}</UniqueIdentifier>
    </Filter>
    <Filter Include="02. Design\02. ObjMgr">
      <UniqueIdentifier>{cdeb60e9-7510-4401-8637-b01478d5b26c}</UniqueIdentifier>
    </Filter>
    <Filter Include="01. Obj\04. Wall">
      <UniqueIdentifier>{f4cb5d90-b6c8-4983-b73f-163af3b3f6fe}</UniqueIdentifier>
    </Filter>
    <Filter Include="03.UI">
      <UniqueIdentifier>{1f23d988-4ba6-4eaa-83db-069179db3df7}</UniqueIdentifier>
    </Filter>
    <Filter Include="02. Design\03. BmpMgr">
      <UniqueIdentifier>{26ddb6ae-f515-4325-9111-bdaef1f98608}</UniqueIdentifier>
    </Filter>
    <Filter Include="02. Design\03. BmpMgr\MyBmp">
      <UniqueIdentifier>{a8c55f92-e3f9-4fe8-8751-f5042d34e0f3}</UniqueIdentifier>
    </Filter>
  </ItemGroup>
  <ItemGroup>
    <ClInclude Include="framework.h">
      <Filter>헤더 파일</Filter>
    </ClInclude>
    <ClInclude Include="targetver.h">
      <Filter>헤더 파일</Filter>
    </ClInclude>
    <ClInclude Include="Resource.h">
      <Filter>헤더 파일</Filter>
    </ClInclude>
    <ClInclude Include="DefaultWindow.h">
      <Filter>헤더 파일</Filter>
    </ClInclude>
    <ClInclude Include="pch.h">
      <Filter>헤더 파일</Filter>
    </ClInclude>
    <ClInclude Include="CMainGame.h">
      <Filter>00. MainGame</Filter>
    </ClInclude>
    <ClInclude Include="Define.h">
      <Filter>헤더 파일</Filter>
    </ClInclude>
    <ClInclude Include="CObj.h">
      <Filter>01. Obj</Filter>
    </ClInclude>
    <ClInclude Include="CPlayer.h">
      <Filter>01. Obj\00. Player</Filter>
    </ClInclude>
    <ClInclude Include="CObjMgr.h">
      <Filter>02. Design\02. ObjMgr</Filter>
    </ClInclude>
    <ClInclude Include="CAbstractFactory.h">
      <Filter>02. Design\00. AbstractFactory</Filter>
    </ClInclude>
    <ClInclude Include="CMouse.h">
      <Filter>01. Obj\03. Mouse</Filter>
    </ClInclude>
    <ClInclude Include="CBullet.h">
      <Filter>01. Obj\01. Bullet</Filter>
    </ClInclude>
    <ClInclude Include="CMonster.h">
      <Filter>01. Obj\02. Monster</Filter>
    </ClInclude>
    <ClInclude Include="CCollisionMgr.h">
      <Filter>02. Design\01. CollisionMgr</Filter>
    </ClInclude>
    <ClInclude Include="CWall.h">
      <Filter>01. Obj\04. Wall</Filter>
    </ClInclude>
    <ClInclude Include="CUI.h">
      <Filter>소스 파일</Filter>
    </ClInclude>
    <ClInclude Include="..\..\MapleJump\DefaultWindow\CMyBmp.h">
      <Filter>02. Design\03. BmpMgr\MyBmp</Filter>
    </ClInclude>
    <ClInclude Include="..\..\MapleJump\DefaultWindow\CBmpMgr.h">
      <Filter>02. Design\03. BmpMgr</Filter>
    </ClInclude>
  </ItemGroup>
  <ItemGroup>
    <ClCompile Include="DefaultWindow.cpp">
      <Filter>소스 파일</Filter>
    </ClCompile>
    <ClCompile Include="pch.cpp">
      <Filter>소스 파일</Filter>
    </ClCompile>
    <ClCompile Include="CMainGame.cpp">
      <Filter>00. MainGame</Filter>
    </ClCompile>
    <ClCompile Include="CObj.cpp">
      <Filter>01. Obj</Filter>
    </ClCompile>
    <ClCompile Include="CPlayer.cpp">
      <Filter>01. Obj\00. Player</Filter>
    </ClCompile>
    <ClCompile Include="CObjMgr.cpp">
      <Filter>02. Design\02. ObjMgr</Filter>
    </ClCompile>
    <ClCompile Include="CMouse.cpp">
      <Filter>01. Obj\03. Mouse</Filter>
    </ClCompile>
    <ClCompile Include="CBullet.cpp">
      <Filter>01. Obj\01. Bullet</Filter>
    </ClCompile>
    <ClCompile Include="CMonster.cpp">
      <Filter>01. Obj\02. Monster</Filter>
    </ClCompile>
    <ClCompile Include="CCollisionMgr.cpp">
      <Filter>02. Design\01. CollisionMgr</Filter>
    </ClCompile>
    <ClCompile Include="CWall.cpp">
      <Filter>01. Obj\04. Wall</Filter>
    </ClCompile>
    <ClCompile Include="CUI.cpp">
      <Filter>소스 파일</Filter>
    </ClCompile>
    <ClCompile Include="..\..\MapleJump\DefaultWindow\CMyBmp.cpp">
      <Filter>02. Design\03. BmpMgr\MyBmp</Filter>
    </ClCompile>
    <ClCompile Include="..\..\MapleJump\DefaultWindow\CBmpMgr.cpp">
      <Filter>02. Design\03. BmpMgr</Filter>
    </ClCompile>
  </ItemGroup>
  <ItemGroup>
    <ResourceCompile Include="DefaultWindow.rc">
      <Filter>리소스 파일</Filter>
    </ResourceCompile>
  </ItemGroup>
  <ItemGroup>
    <Image Include="small.ico">
      <Filter>리소스 파일</Filter>
    </Image>
    <Image Include="DefaultWindow.ico">
      <Filter>리소스 파일</Filter>
    </Image>
  </ItemGroup>
</Project>