<?xml version="1.0" encoding="utf-8"?>
<Project ToolsVersion="4.0" xmlns="http://schemas.microsoft.com/developer/msbuild/2003">
  <ItemGroup>
    <Filter Include="소스 파일">
      <UniqueIdentifier>{4FC737F1-C7A5-4376-A066-2A32D752A2FF}</UniqueIdentifier>
      <Extensions>cpp;c;cc;cxx;c++;cppm;ixx;def;odl;idl;hpj;bat;asm;asmx</Extensions>
    </Filter>
    <Filter Include="헤더 파일">
      <UniqueIdentifier>{93995380-89BD-4b04-88EB-625FBE52EBFB}</UniqueIdentifier>
      <Extensions>h;hh;hpp;hxx;h++;hm;inl;inc;ipp;xsd</Extensions>
    </Filter>
    <Filter Include="리소스 파일">
      <UniqueIdentifier>{67DA6AB6-F800-4c08-8B7A-83BB121AAD01}</UniqueIdentifier>
      <Extensions>rc;ico;cur;bmp;dlg;rc2;rct;bin;rgs;gif;jpg;jpeg;jpe;resx;tiff;tif;png;wav;mfcribbon-ms</Extensions>
    </Filter>
    <Filter Include="00. MainGame">
      <UniqueIdentifier>{9c24ad04-a2f4-4b96-8f30-60f852bf17e0}</UniqueIdentifier>
    </Filter>
    <Filter Include="01. Scene">
      <UniqueIdentifier>{47e12f3e-653a-490a-9c7e-ad48e94b755b}</UniqueIdentifier>
    </Filter>
    <Filter Include="02. Obj">
      <UniqueIdentifier>{4f4e7d55-5328-4bcc-8446-8f7b1f6220a3}</UniqueIdentifier>
    </Filter>
    <Filter Include="02. Obj\00. Player">
      <UniqueIdentifier>{ebfd781e-9046-4d72-b4e6-0652c8a57405}</UniqueIdentifier>
    </Filter>
    <Filter Include="03. Design">
      <UniqueIdentifier>{f9bf4f58-134f-49e8-8654-cc6c0bb47df8}</UniqueIdentifier>
    </Filter>
    <Filter Include="03. Design\00. AbstractFactory">
      <UniqueIdentifier>{26b52742-b195-45cd-9b8a-c122d82b03f5}</UniqueIdentifier>
    </Filter>
    <Filter Include="03. Design\01. ObjMgr">
      <UniqueIdentifier>{eb5410cf-e93b-48d3-ae85-634cb4d0bc28}</UniqueIdentifier>
    </Filter>
    <Filter Include="03. Design\02. KeyMgr">
      <UniqueIdentifier>{619dd2f4-8191-4402-bdce-3f2145e1269c}</UniqueIdentifier>
    </Filter>
    <Filter Include="03. Design\03. SceneMgr">
      <UniqueIdentifier>{dce3bcf9-f491-4a30-8e61-ead712f7db54}</UniqueIdentifier>
    </Filter>
    <Filter Include="03. Design\04. ImgMgr">
      <UniqueIdentifier>{61201fb2-4a4a-4940-b335-008a4ff9e2c3}</UniqueIdentifier>
    </Filter>
    <Filter Include="01. Scene\00. Logo">
      <UniqueIdentifier>{f179319e-c8ef-4f73-9b1c-d18f7a9a3052}</UniqueIdentifier>
    </Filter>
    <Filter Include="01. Scene\01. Edit">
      <UniqueIdentifier>{16b4f217-24ff-4cbf-bbf2-b7b596243dfb}</UniqueIdentifier>
    </Filter>
    <Filter Include="01. Scene\02. Stage3">
      <UniqueIdentifier>{a1ff1725-c2cc-4187-9e4f-b8b8e9c8d086}</UniqueIdentifier>
    </Filter>
    <Filter Include="02. Obj\02. Button">
      <UniqueIdentifier>{9c2eef90-9c30-4e48-9b83-2d0347a54833}</UniqueIdentifier>
    </Filter>
    <Filter Include="02. Obj\01. Tile">
      <UniqueIdentifier>{8e127f05-7ce0-4688-bcb0-5b7ac2647dce}</UniqueIdentifier>
    </Filter>
    <Filter Include="02. Obj\03. Mouse">
      <UniqueIdentifier>{e57fc1de-493d-402f-aeed-e38fa1ad10cd}</UniqueIdentifier>
    </Filter>
    <Filter Include="03. Design\05. BmpMgr">
      <UniqueIdentifier>{5cf5bed7-46d5-4ad6-b783-dee30bd84c45}</UniqueIdentifier>
    </Filter>
    <Filter Include="03. Design\05. BmpMgr\MyBmp">
      <UniqueIdentifier>{ddb5462d-c4ef-4700-bf11-2becf294fb8d}</UniqueIdentifier>
    </Filter>
    <Filter Include="03. Design\06. CollisionMgr">
      <UniqueIdentifier>{d62f87ef-bdba-434e-97b2-c6a57a24d258}</UniqueIdentifier>
    </Filter>
    <Filter Include="02. Obj\04. Bomb">
      <UniqueIdentifier>{29d902c1-d323-4f73-a012-fccdfaaadb8e}</UniqueIdentifier>
    </Filter>
    <Filter Include="02. Obj\05. Wave">
      <UniqueIdentifier>{8242219b-0dbb-4034-96cd-1f6f0aba41a5}</UniqueIdentifier>
    </Filter>
    <Filter Include="02. Obj\06. Boss">
      <UniqueIdentifier>{e93f7500-9436-42cf-876f-c052d47d238f}</UniqueIdentifier>
    </Filter>
  </ItemGroup>
  <ItemGroup>
    <ClInclude Include="framework.h">
      <Filter>헤더 파일</Filter>
    </ClInclude>
    <ClInclude Include="targetver.h">
      <Filter>헤더 파일</Filter>
    </ClInclude>
    <ClInclude Include="Resource.h">
      <Filter>헤더 파일</Filter>
    </ClInclude>
    <ClInclude Include="DefaultWindow.h">
      <Filter>헤더 파일</Filter>
    </ClInclude>
    <ClInclude Include="pch.h">
      <Filter>헤더 파일</Filter>
    </ClInclude>
    <ClInclude Include="CMainGame.h">
      <Filter>00. MainGame</Filter>
    </ClInclude>
    <ClInclude Include="Define.h">
      <Filter>헤더 파일</Filter>
    </ClInclude>
    <ClInclude Include="CObj.h">
      <Filter>02. Obj</Filter>
    </ClInclude>
    <ClInclude Include="CPlayer.h">
      <Filter>02. Obj\00. Player</Filter>
    </ClInclude>
    <ClInclude Include="CSceneMgr.h">
      <Filter>03. Design\03. SceneMgr</Filter>
    </ClInclude>
    <ClInclude Include="CStage3.h">
      <Filter>01. Scene\02. Stage3</Filter>
    </ClInclude>
    <ClInclude Include="CScene.h">
      <Filter>01. Scene</Filter>
    </ClInclude>
    <ClInclude Include="CAbstractFactory.h">
      <Filter>03. Design\00. AbstractFactory</Filter>
    </ClInclude>
    <ClInclude Include="CObjMgr.h">
      <Filter>03. Design\01. ObjMgr</Filter>
    </ClInclude>
    <ClInclude Include="CKeyMgr.h">
      <Filter>03. Design\02. KeyMgr</Filter>
    </ClInclude>
    <ClInclude Include="CImgMgr.h">
      <Filter>03. Design\04. ImgMgr</Filter>
    </ClInclude>
    <ClInclude Include="CLogo.h">
      <Filter>01. Scene\00. Logo</Filter>
    </ClInclude>
    <ClInclude Include="CEdit.h">
      <Filter>01. Scene\01. Edit</Filter>
    </ClInclude>
    <ClInclude Include="CTile.h">
      <Filter>02. Obj\01. Tile</Filter>
    </ClInclude>
    <ClInclude Include="CButton.h">
      <Filter>02. Obj\02. Button</Filter>
    </ClInclude>
    <ClInclude Include="CMouse.h">
      <Filter>02. Obj\03. Mouse</Filter>
    </ClInclude>
    <ClInclude Include="CBmpMgr.h">
      <Filter>03. Design\05. BmpMgr</Filter>
    </ClInclude>
    <ClInclude Include="CMyBmp.h">
      <Filter>03. Design\05. BmpMgr\MyBmp</Filter>
    </ClInclude>
    <ClInclude Include="CCollisionMgr.h">
      <Filter>03. Design\06. CollisionMgr</Filter>
    </ClInclude>
    <ClInclude Include="CBomb.h">
      <Filter>02. Obj\04. Bomb</Filter>
    </ClInclude>
    <ClInclude Include="CWave.h">
      <Filter>02. Obj\05. Wave</Filter>
    </ClInclude>
    <ClInclude Include="CBoss.h">
      <Filter>02. Obj\06. Boss</Filter>
    </ClInclude>
  </ItemGroup>
  <ItemGroup>
    <ClCompile Include="DefaultWindow.cpp">
      <Filter>소스 파일</Filter>
    </ClCompile>
    <ClCompile Include="pch.cpp">
      <Filter>소스 파일</Filter>
    </ClCompile>
    <ClCompile Include="CMainGame.cpp">
      <Filter>00. MainGame</Filter>
    </ClCompile>
    <ClCompile Include="CObj.cpp">
      <Filter>02. Obj</Filter>
    </ClCompile>
    <ClCompile Include="CPlayer.cpp">
      <Filter>02. Obj\00. Player</Filter>
    </ClCompile>
    <ClCompile Include="CSceneMgr.cpp">
      <Filter>03. Design\03. SceneMgr</Filter>
    </ClCompile>
    <ClCompile Include="CStage3.cpp">
      <Filter>01. Scene\02. Stage3</Filter>
    </ClCompile>
    <ClCompile Include="CScene.cpp">
      <Filter>01. Scene</Filter>
    </ClCompile>
    <ClCompile Include="CObjMgr.cpp">
      <Filter>03. Design\01. ObjMgr</Filter>
    </ClCompile>
    <ClCompile Include="CKeyMgr.cpp">
      <Filter>03. Design\02. KeyMgr</Filter>
    </ClCompile>
    <ClCompile Include="CImgMgr.cpp">
      <Filter>03. Design\04. ImgMgr</Filter>
    </ClCompile>
    <ClCompile Include="CLogo.cpp">
      <Filter>01. Scene\00. Logo</Filter>
    </ClCompile>
    <ClCompile Include="CEdit.cpp">
      <Filter>01. Scene\01. Edit</Filter>
    </ClCompile>
    <ClCompile Include="CTile.cpp">
      <Filter>02. Obj\01. Tile</Filter>
    </ClCompile>
    <ClCompile Include="CButton.cpp">
      <Filter>02. Obj\02. Button</Filter>
    </ClCompile>
    <ClCompile Include="CMouse.cpp">
      <Filter>02. Obj\03. Mouse</Filter>
    </ClCompile>
    <ClCompile Include="CBmpMgr.cpp">
      <Filter>03. Design\05. BmpMgr</Filter>
    </ClCompile>
    <ClCompile Include="CMyBmp.cpp">
      <Filter>03. Design\05. BmpMgr\MyBmp</Filter>
    </ClCompile>
    <ClCompile Include="CCollisionMgr.cpp">
      <Filter>03. Design\06. CollisionMgr</Filter>
    </ClCompile>
    <ClCompile Include="CBomb.cpp">
      <Filter>02. Obj\04. Bomb</Filter>
    </ClCompile>
    <ClCompile Include="CWave.cpp">
      <Filter>02. Obj\05. Wave</Filter>
    </ClCompile>
    <ClCompile Include="CBoss.cpp">
      <Filter>02. Obj\06. Boss</Filter>
    </ClCompile>
  </ItemGroup>
  <ItemGroup>
    <ResourceCompile Include="DefaultWindow.rc">
      <Filter>리소스 파일</Filter>
    </ResourceCompile>
  </ItemGroup>
  <ItemGroup>
    <Image Include="small.ico">
      <Filter>리소스 파일</Filter>
    </Image>
    <Image Include="DefaultWindow.ico">
      <Filter>리소스 파일</Filter>
    </Image>
  </ItemGroup>
</Project>