
Microsoft Visual Studio Solution File, Format Version 12.00
# Visual Studio Version 17
VisualStudioVersion = 17.14.37216.2 d17.14
MinimumVisualStudioVersion = 10.0.40219.1
Project("{2150E333-8FDC-42A3-9474-1A3956D46DE8}") = "00. Client", "00. Client", "{C8D5274F-AC00-46C7-1F8D-E88E81087A52}"
EndProject
Project("{2150E333-8FDC-42A3-9474-1A3956D46DE8}") = "01. Engine", "01. Engine", "{F5EC8A2E-350E-4875-9EEC-43B05DB68D04}"
EndProject
Project("{2150E333-8FDC-42A3-9474-1A3956D46DE8}") = "02. Base", "02. Base", "{D04D083B-31F4-4EED-A034-272B9A920760}"
	ProjectSection(SolutionItems) = preProject
		Base\CBase.h = Base\CBase.h
		Base\CBase.inl = Base\CBase.inl
	EndProjectSection
EndProject
Project("{8BC9CEB8-8B4A-11D0-8D11-00A0C91BC942}") = "Client", "Client\Include\Client.vcxproj", "{0D8D7633-F623-462A-A7EF-31E199A73FFF}"
EndProject
Project("{8BC9CEB8-8B4A-11D0-8D11-00A0C91BC942}") = "Engine", "Engine\Include\Engine.vcxproj", "{5661365E-5C26-4CF4-8FD9-1000E906D462}"
EndProject
Global
	GlobalSection(SolutionConfigurationPlatforms) = preSolution
		Debug|x64 = Debug|x64
		Debug|x86 = Debug|x86
		Release|x64 = Release|x64
		Release|x86 = Release|x86
	EndGlobalSection
	GlobalSection(ProjectConfigurationPlatforms) = postSolution
		{0D8D7633-F623-462A-A7EF-31E199A73FFF}.Debug|x64.ActiveCfg = Debug|x64
		{0D8D7633-F623-462A-A7EF-31E199A73FFF}.Debug|x64.Build.0 = Debug|x64
		{0D8D7633-F623-462A-A7EF-31E199A73FFF}.Debug|x86.ActiveCfg = Debug|Win32
		{0D8D7633-F623-462A-A7EF-31E199A73FFF}.Debug|x86.Build.0 = Debug|Win32
		{0D8D7633-F623-462A-A7EF-31E199A73FFF}.Release|x64.ActiveCfg = Release|x64
		{0D8D7633-F623-462A-A7EF-31E199A73FFF}.Release|x64.Build.0 = Release|x64
		{0D8D7633-F623-462A-A7EF-31E199A73FFF}.Release|x86.ActiveCfg = Release|Win32
		{0D8D7633-F623-462A-A7EF-31E199A73FFF}.Release|x86.Build.0 = Release|Win32
		{5661365E-5C26-4CF4-8FD9-1000E906D462}.Debug|x64.ActiveCfg = Debug|x64
		{5661365E-5C26-4CF4-8FD9-1000E906D462}.Debug|x64.Build.0 = Debug|x64
		{5661365E-5C26-4CF4-8FD9-1000E906D462}.Debug|x86.ActiveCfg = Debug|Win32
		{5661365E-5C26-4CF4-8FD9-1000E906D462}.Debug|x86.Build.0 = Debug|Win32
		{5661365E-5C26-4CF4-8FD9-1000E906D462}.Release|x64.ActiveCfg = Release|x64
		{5661365E-5C26-4CF4-8FD9-1000E906D462}.Release|x64.Build.0 = Release|x64
		{5661365E-5C26-4CF4-8FD9-1000E906D462}.Release|x86.ActiveCfg = Release|Win32
		{5661365E-5C26-4CF4-8FD9-1000E906D462}.Release|x86.Build.0 = Release|Win32
	EndGlobalSection
	GlobalSection(SolutionProperties) = preSolution
		HideSolutionNode = FALSE
	EndGlobalSection
	GlobalSection(NestedProjects) = preSolution
		{0D8D7633-F623-462A-A7EF-31E199A73FFF} = {C8D5274F-AC00-46C7-1F8D-E88E81087A52}
		{5661365E-5C26-4CF4-8FD9-1000E906D462} = {F5EC8A2E-350E-4875-9EEC-43B05DB68D04}
	EndGlobalSection
	GlobalSection(ExtensibilityGlobals) = postSolution
		SolutionGuid = {925F9F85-93AB-47F6-819E-4ADC4508FC55}
	EndGlobalSection
EndGlobal
