<?xml version="1.0" encoding="utf-8"?>
<Project ToolsVersion="4.0" xmlns="http://schemas.microsoft.com/developer/msbuild/2003">
  <ItemGroup>
    <Filter Include="소스 파일">
      <UniqueIdentifier>{4FC737F1-C7A5-4376-A066-2A32D752A2FF}</UniqueIdentifier>
      <Extensions>cpp;c;cc;cxx;c++;cppm;ixx;def;odl;idl;hpj;bat;asm;asmx</Extensions>
    </Filter>
    <Filter Include="헤더 파일">
      <UniqueIdentifier>{93995380-89BD-4b04-88EB-625FBE52EBFB}</UniqueIdentifier>
      <Extensions>h;hh;hpp;hxx;h++;hm;inl;inc;ipp;xsd</Extensions>
    </Filter>
    <Filter Include="리소스 파일">
      <UniqueIdentifier>{67DA6AB6-F800-4c08-8B7A-83BB121AAD01}</UniqueIdentifier>
      <Extensions>rc;ico;cur;bmp;dlg;rc2;rct;bin;rgs;gif;jpg;jpeg;jpe;resx;tiff;tif;png;wav;mfcribbon-ms</Extensions>
    </Filter>
    <Filter Include="00.MainGame">
      <UniqueIdentifier>{5645a796-b51b-4bb6-8e09-463869983d08}</UniqueIdentifier>
    </Filter>
    <Filter Include="01.Player">
      <UniqueIdentifier>{34dafc0d-cb23-425a-80a6-2940595959c3}</UniqueIdentifier>
    </Filter>
    <Filter Include="02.Field">
      <UniqueIdentifier>{8c176b7b-603e-4bb0-b33f-c0f37af5e66a}</UniqueIdentifier>
    </Filter>
    <Filter Include="03.Monster">
      <UniqueIdentifier>{a5d20877-d6bf-48e4-bdaf-6214e10ba864}</UniqueIdentifier>
    </Filter>
  </ItemGroup>
  <ItemGroup>
    <ClCompile Include="20240414_TextRPG.cpp">
      <Filter>소스 파일</Filter>
    </ClCompile>
    <ClCompile Include="CMainGame.cpp">
      <Filter>00.MainGame</Filter>
    </ClCompile>
    <ClCompile Include="CPlayer.cpp">
      <Filter>01.Player</Filter>
    </ClCompile>
    <ClCompile Include="CField.cpp">
      <Filter>02.Field</Filter>
    </ClCompile>
    <ClCompile Include="CMonster.cpp">
      <Filter>03.Monster</Filter>
    </ClCompile>
  </ItemGroup>
  <ItemGroup>
    <ClInclude Include="pch.h">
      <Filter>헤더 파일</Filter>
    </ClInclude>
    <ClInclude Include="CMainGame.h">
      <Filter>00.MainGame</Filter>
    </ClInclude>
    <ClInclude Include="CPlayer.h">
      <Filter>01.Player</Filter>
    </ClInclude>
    <ClInclude Include="Define.h">
      <Filter>헤더 파일</Filter>
    </ClInclude>
    <ClInclude Include="CField.h">
      <Filter>02.Field</Filter>
    </ClInclude>
    <ClInclude Include="CMonster.h">
      <Filter>03.Monster</Filter>
    </ClInclude>
  </ItemGroup>
</Project>