
Microsoft Visual Studio Solution File, Format Version 12.00
# Visual Studio Version 17
VisualStudioVersion = 17.13.35931.197
MinimumVisualStudioVersion = 10.0.40219.1
Project("{8BC9CEB8-8B4A-11D0-8D11-00A0C91BC942}") = "XMVECTOR", "Chapter 1 Vector Algebra\XMVECTOR\XMVECTOR.vcxproj", "{DADB6887-AAD1-48B8-BE2D-94D2C36681E9}"
EndProject
Project("{8BC9CEB8-8B4A-11D0-8D11-00A0C91BC942}") = "XMMATRIX", "Chapter 2 Matrix Algebra\XMMATRIX\XMMATRIX.vcxproj", "{39F307B8-5EA9-4DA2-A01C-BE7BCFB7D6C4}"
EndProject
Project("{8BC9CEB8-8B4A-11D0-8D11-00A0C91BC942}") = "Init Direct3D", "Chapter 4 Direct3D Initialization\Init Direct3D\Init Direct3D.vcxproj", "{415A387B-CAA1-453C-9C2F-EAAF8094859E}"
EndProject
Project("{8BC9CEB8-8B4A-11D0-8D11-00A0C91BC942}") = "Box", "Chapter 6 Drawing in Direct3D\Box\Box.vcxproj", "{E76DB861-9CF7-4CF2-A077-78AA9E5F5303}"
EndProject
Project("{2150E333-8FDC-42A3-9474-1A3956D46DE8}") = "Chapter 01 Vector Algebra", "Chapter 01 Vector Algebra", "{02EA681E-C7D8-13C7-8484-4AC65E1B71E8}"
EndProject
Project("{2150E333-8FDC-42A3-9474-1A3956D46DE8}") = "Chapter 02 Matrix Algebra", "Chapter 02 Matrix Algebra", "{2A16FD10-E778-49CD-98FB-A30207FE1C51}"
EndProject
Project("{2150E333-8FDC-42A3-9474-1A3956D46DE8}") = "Chapter 04 Direct3D Initialization", "Chapter 04 Direct3D Initialization", "{4A2A31C2-FA49-40B9-98DC-9BBB1AAA1814}"
EndProject
Project("{2150E333-8FDC-42A3-9474-1A3956D46DE8}") = "Chapter 06 Drawing in Direct3D", "Chapter 06 Drawing in Direct3D", "{A6014D91-A04F-4126-B115-65F17801893B}"
EndProject
Project("{8BC9CEB8-8B4A-11D0-8D11-00A0C91BC942}") = "Hills", "Chapter 6 Drawing in Direct3D\Hills\Hills.vcxproj", "{FC2B58DF-F226-4714-9798-299876818C65}"
EndProject
Project("{8BC9CEB8-8B4A-11D0-8D11-00A0C91BC942}") = "Shapes", "Chapter 6 Drawing in Direct3D\Shapes\Shapes.vcxproj", "{E981104E-9040-431C-823D-8E9EB680778D}"
EndProject
Project("{8BC9CEB8-8B4A-11D0-8D11-00A0C91BC942}") = "Skull", "Chapter 6 Drawing in Direct3D\Skull\Skull.vcxproj", "{CC5604E8-E75A-4BFF-8139-8F60C647E863}"
EndProject
Project("{8BC9CEB8-8B4A-11D0-8D11-00A0C91BC942}") = "Waves", "Chapter 6 Drawing in Direct3D\Waves\Waves.vcxproj", "{47C579B4-D2BA-4E3F-B091-11AD2E82A876}"
EndProject
Project("{2150E333-8FDC-42A3-9474-1A3956D46DE8}") = "Chapter 07 Lighting", "Chapter 07 Lighting", "{33F8A9D0-47D4-4058-91A8-FAE6D6BD66D3}"
EndProject
Project("{8BC9CEB8-8B4A-11D0-8D11-00A0C91BC942}") = "Lighting", "Chapter 7 Lighting\Lighting\Lighting.vcxproj", "{94683E2F-0DBB-4D07-8549-A0BC062DDE14}"
EndProject
Project("{8BC9CEB8-8B4A-11D0-8D11-00A0C91BC942}") = "LitSkull", "Chapter 7 Lighting\LitSkull\LitSkull.vcxproj", "{E3A486E2-6917-49A7-BD27-6E7E52C646E9}"
EndProject
Project("{2150E333-8FDC-42A3-9474-1A3956D46DE8}") = "Chapter 08 Texturing", "Chapter 08 Texturing", "{E1CCA630-C7D3-4E0E-B45F-EC9ED28E34D9}"
EndProject
Project("{2150E333-8FDC-42A3-9474-1A3956D46DE8}") = "Chapter 09 Blending", "Chapter 09 Blending", "{19FB5639-0F30-4D16-97FE-C86BC7AB33FE}"
EndProject
Project("{2150E333-8FDC-42A3-9474-1A3956D46DE8}") = "Chapter 10 Stenciling", "Chapter 10 Stenciling", "{9C4E2781-9496-4338-84AD-723493E4F562}"
EndProject
Project("{2150E333-8FDC-42A3-9474-1A3956D46DE8}") = "Chapter 11 The Geometry Shader", "Chapter 11 The Geometry Shader", "{AC3615C3-2BA4-4C69-B302-5CE0A485C684}"
EndProject
Project("{2150E333-8FDC-42A3-9474-1A3956D46DE8}") = "Chapter 12 The Compute Shader", "Chapter 12 The Compute Shader", "{CA9C155D-43AD-48A1-B44F-71D2D4F55ABD}"
EndProject
Project("{2150E333-8FDC-42A3-9474-1A3956D46DE8}") = "Chapter 13 The Tessellation Stages", "Chapter 13 The Tessellation Stages", "{E730AE5E-486E-4600-BFBA-7F5E49E44C0C}"
EndProject
Project("{2150E333-8FDC-42A3-9474-1A3956D46DE8}") = "Chapter 14 Building a First Person Camera", "Chapter 14 Building a First Person Camera", "{59B33AA9-4A78-4C56-A1C7-C9779EAE39EB}"
EndProject
Project("{2150E333-8FDC-42A3-9474-1A3956D46DE8}") = "Chapter 15 Instancing and Frustum Culling", "Chapter 15 Instancing and Frustum Culling", "{1C226436-BF42-40D6-B1D1-BCDC2F617B01}"
EndProject
Project("{2150E333-8FDC-42A3-9474-1A3956D46DE8}") = "Chapter 16 Picking", "Chapter 16 Picking", "{3AACBE4E-89F6-4C89-B32E-EB243406F992}"
EndProject
Project("{2150E333-8FDC-42A3-9474-1A3956D46DE8}") = "Chapter 17 Cube Mapping", "Chapter 17 Cube Mapping", "{92D660FF-3F4F-4E6F-BF81-6DEFF01CFBD5}"
EndProject
Project("{2150E333-8FDC-42A3-9474-1A3956D46DE8}") = "Chapter 18 Normal and Displacement Mapping", "Chapter 18 Normal and Displacement Mapping", "{4A5E8C3B-A0AE-4D72-B39A-654A5B527D89}"
EndProject
Project("{2150E333-8FDC-42A3-9474-1A3956D46DE8}") = "Chapter 19 Terrain Rendering", "Chapter 19 Terrain Rendering", "{846BF6E2-2A30-49DD-B99E-CBBE8537DF3F}"
EndProject
Project("{2150E333-8FDC-42A3-9474-1A3956D46DE8}") = "Chapter 20 Particle Systems", "Chapter 20 Particle Systems", "{B9BB76A1-2CAC-480F-8A5D-CEB069ABADAD}"
EndProject
Project("{2150E333-8FDC-42A3-9474-1A3956D46DE8}") = "Chapter 21 Shadow Mapping", "Chapter 21 Shadow Mapping", "{F964D310-837B-47E0-B10B-C7747ED73968}"
EndProject
Project("{2150E333-8FDC-42A3-9474-1A3956D46DE8}") = "Chapter 22 Ambient Occlusion", "Chapter 22 Ambient Occlusion", "{330A3CAA-099D-4F82-9965-02B3752AA168}"
EndProject
Project("{2150E333-8FDC-42A3-9474-1A3956D46DE8}") = "Chapter 23 Meshes", "Chapter 23 Meshes", "{27DD0F9F-DCF5-42C2-AF08-A4DA9DDEB54A}"
EndProject
Project("{2150E333-8FDC-42A3-9474-1A3956D46DE8}") = "Chapter 24 Quaternions", "Chapter 24 Quaternions", "{BA52BCE2-DC4E-45A5-8D6D-32FD964CF8BA}"
EndProject
Project("{2150E333-8FDC-42A3-9474-1A3956D46DE8}") = "Chapter 25 Character Animation", "Chapter 25 Character Animation", "{19C96C02-A36A-463C-B191-5CE0A027D89C}"
EndProject
Project("{2150E333-8FDC-42A3-9474-1A3956D46DE8}") = "Selected Code Solutions", "Selected Code Solutions", "{DA79C6E9-A9FD-4A32-946D-6970861F8BD1}"
EndProject
Project("{8BC9CEB8-8B4A-11D0-8D11-00A0C91BC942}") = "Crate", "Chapter 8 Texturing\Crate\Crate.vcxproj", "{D450380B-CD03-456C-B874-4639827A617C}"
EndProject
Project("{8BC9CEB8-8B4A-11D0-8D11-00A0C91BC942}") = "TexturedHillsAndWaves", "Chapter 8 Texturing\TexturedHillsAndWaves\TexturedHillsAndWaves.vcxproj", "{0AE036AA-0CBE-4323-90D0-6D6F366436C8}"
EndProject
Project("{8BC9CEB8-8B4A-11D0-8D11-00A0C91BC942}") = "BlendDemo", "Chapter 9 Blending\BlendDemo\BlendDemo.vcxproj", "{D2ED27AE-3961-4BB3-80F1-C997831181B7}"
EndProject
Project("{8BC9CEB8-8B4A-11D0-8D11-00A0C91BC942}") = "Mirror", "Chapter 10 Stenciling\Mirror\Mirror.vcxproj", "{876D20E3-51E0-4190-A673-7AAF888C03EA}"
EndProject
Project("{8BC9CEB8-8B4A-11D0-8D11-00A0C91BC942}") = "TreeBillboard", "Chapter 11 The Geometry Shader\TreeBillboard\TreeBillboard.vcxproj", "{85017BE9-A2CE-4895-A70E-81B2CE21E253}"
EndProject
Project("{8BC9CEB8-8B4A-11D0-8D11-00A0C91BC942}") = "Blur", "Chapter 12 The Compute Shader\Blur\Blur.vcxproj", "{0247DE3D-48E2-40F0-8A6A-DDA7FC8C81B9}"
EndProject
Project("{8BC9CEB8-8B4A-11D0-8D11-00A0C91BC942}") = "VecAdd", "Chapter 12 The Compute Shader\VecAdd\VecAdd.vcxproj", "{B611CE86-05DC-47A7-9B84-49A8321FDA5D}"
EndProject
Project("{8BC9CEB8-8B4A-11D0-8D11-00A0C91BC942}") = "BasicTessellation", "Chapter 13 The Tessellation Stages\BasicTessellation\BasicTessellation.vcxproj", "{116F1CF1-CBE8-435A-A07D-252D7D9F43BC}"
EndProject
Project("{8BC9CEB8-8B4A-11D0-8D11-00A0C91BC942}") = "BasicTriangleTessellation", "Chapter 13 The Tessellation Stages\BasicTriangleTessellation\BasicTriangleTessellation.vcxproj", "{2CF0DDD5-D516-40FA-ABD3-69413FF1E27A}"
EndProject
Project("{8BC9CEB8-8B4A-11D0-8D11-00A0C91BC942}") = "BezierPatch", "Chapter 13 The Tessellation Stages\BezierPatch\BezierPatch.vcxproj", "{E9CB0449-4FB2-4C7F-8949-F8F2F886661D}"
EndProject
Project("{8BC9CEB8-8B4A-11D0-8D11-00A0C91BC942}") = "Camera", "Chapter 14 Building a First Person Camera\Camera\Camera.vcxproj", "{0B61E6CF-A0E7-4E61-92D5-246A160C929C}"
EndProject
Project("{8BC9CEB8-8B4A-11D0-8D11-00A0C91BC942}") = "InstancingAndCulling", "Chapter 15 Instancing and Frustum Culling\InstancingAndCulling\InstancingAndCulling.vcxproj", "{313944E4-E50E-4F95-98B6-0FEFCD76DB54}"
EndProject
Project("{8BC9CEB8-8B4A-11D0-8D11-00A0C91BC942}") = "Picking", "Chapter 16 Picking\Picking\Picking.vcxproj", "{0EE4B2A1-E2C0-4C2A-9BC8-929118F23D13}"
EndProject
Project("{8BC9CEB8-8B4A-11D0-8D11-00A0C91BC942}") = "CubeMap", "Chapter 17 Cube Mapping\CubeMap\CubeMap.vcxproj", "{1205442B-1CDD-4A64-BE92-6A742CA05FBA}"
EndProject
Project("{8BC9CEB8-8B4A-11D0-8D11-00A0C91BC942}") = "DynamicCubeMap", "Chapter 17 Cube Mapping\DynamicCubeMap\DynamicCubeMap.vcxproj", "{FA31612B-72A0-4DD8-A393-A2A00DC75099}"
EndProject
Project("{8BC9CEB8-8B4A-11D0-8D11-00A0C91BC942}") = "NormalDisplacementMap", "Chapter 18 Normal and Displacement Mapping\NormalDisplacementMap\NormalDisplacementMap.vcxproj", "{39B6DB11-29C5-4971-BAC8-84FF64D93635}"
EndProject
Project("{8BC9CEB8-8B4A-11D0-8D11-00A0C91BC942}") = "Terrain", "Chapter 19 Terrain Rendering\Terrain\Terrain.vcxproj", "{648D7C4D-BF13-41DA-A68A-04267059B237}"
EndProject
Project("{8BC9CEB8-8B4A-11D0-8D11-00A0C91BC942}") = "ParticleSystem", "Chapter 20 Particle Systems\ParticleSystem\ParticleSystem.vcxproj", "{3BF633C5-FB61-49D5-9469-75E76CD74E6D}"
EndProject
Project("{8BC9CEB8-8B4A-11D0-8D11-00A0C91BC942}") = "Shadows", "Chapter 21 Shadow Mapping\Shadows\Shadows.vcxproj", "{691644E8-F1F9-44B1-B3ED-7D9D016FD965}"
EndProject
Project("{8BC9CEB8-8B4A-11D0-8D11-00A0C91BC942}") = "AmbientOcclusion", "Chapter 22 Ambient Occlusion\AmbientOcclusion\AmbientOcclusion.vcxproj", "{6C56BA85-61FC-489B-B4EA-C76BEB015709}"
EndProject
Project("{8BC9CEB8-8B4A-11D0-8D11-00A0C91BC942}") = "Ssao", "Chapter 22 Ambient Occlusion\Ssao\Ssao.vcxproj", "{029EB7A7-0902-4DCE-872A-E59B2C4112F5}"
EndProject
Project("{8BC9CEB8-8B4A-11D0-8D11-00A0C91BC942}") = "MeshView", "Chapter 23 Meshes\MeshView\MeshView.vcxproj", "{22CA3EF9-F07A-4FB1-9B3A-0B2F2A727548}"
EndProject
Project("{8BC9CEB8-8B4A-11D0-8D11-00A0C91BC942}") = "Quaternions", "Chapter 24 Quaternions\Quaternions\Quaternions.vcxproj", "{A04862C1-704C-45F9-8F58-2CAE74677C73}"
EndProject
Project("{8BC9CEB8-8B4A-11D0-8D11-00A0C91BC942}") = "SkinnedMesh", "Chapter 25 Character Animation\SkinnedMesh\SkinnedMesh.vcxproj", "{93BE533A-C8AD-4CFD-9C1B-B8C7055503AB}"
EndProject
Project("{8BC9CEB8-8B4A-11D0-8D11-00A0C91BC942}") = "GpuWavesDemo", "SelectedCodeSolutions\CSGpuWavesDemo\GpuWavesDemo.vcxproj", "{B8893E9A-E55C-40C9-9417-2BF2214ADA9B}"
EndProject
Project("{8BC9CEB8-8B4A-11D0-8D11-00A0C91BC942}") = "DepthStencilBolt", "SelectedCodeSolutions\DepthStencilBolt\DepthStencilBolt.vcxproj", "{93884344-44D8-4A27-8E93-A65E6F6E6A10}"
EndProject
Project("{8BC9CEB8-8B4A-11D0-8D11-00A0C91BC942}") = "Waves", "SelectedCodeSolutions\DisplacementMappedWaves\Waves.vcxproj", "{1A252274-D265-4692-9944-17B5FEDF5217}"
EndProject
Project("{8BC9CEB8-8B4A-11D0-8D11-00A0C91BC942}") = "Subdivision", "SelectedCodeSolutions\GSSubdivision\Subdivision.vcxproj", "{8F8305C3-3C01-4A8A-95C3-713311FA93C7}"
EndProject
Project("{8BC9CEB8-8B4A-11D0-8D11-00A0C91BC942}") = "TexturedColumns", "SelectedCodeSolutions\TexturedColumns\TexturedColumns.vcxproj", "{DD6B1FEC-4238-40B2-B4D2-E4DB553C3527}"
EndProject
Global
	GlobalSection(SolutionConfigurationPlatforms) = preSolution
		Debug|x86 = Debug|x86
		Release|x86 = Release|x86
	EndGlobalSection
	GlobalSection(ProjectConfigurationPlatforms) = postSolution
		{DADB6887-AAD1-48B8-BE2D-94D2C36681E9}.Debug|x86.ActiveCfg = Debug|Win32
		{DADB6887-AAD1-48B8-BE2D-94D2C36681E9}.Debug|x86.Build.0 = Debug|Win32
		{DADB6887-AAD1-48B8-BE2D-94D2C36681E9}.Release|x86.ActiveCfg = Release|Win32
		{DADB6887-AAD1-48B8-BE2D-94D2C36681E9}.Release|x86.Build.0 = Release|Win32
		{39F307B8-5EA9-4DA2-A01C-BE7BCFB7D6C4}.Debug|x86.ActiveCfg = Debug|Win32
		{39F307B8-5EA9-4DA2-A01C-BE7BCFB7D6C4}.Debug|x86.Build.0 = Debug|Win32
		{39F307B8-5EA9-4DA2-A01C-BE7BCFB7D6C4}.Release|x86.ActiveCfg = Release|Win32
		{39F307B8-5EA9-4DA2-A01C-BE7BCFB7D6C4}.Release|x86.Build.0 = Release|Win32
		{415A387B-CAA1-453C-9C2F-EAAF8094859E}.Debug|x86.ActiveCfg = Debug|Win32
		{415A387B-CAA1-453C-9C2F-EAAF8094859E}.Debug|x86.Build.0 = Debug|Win32
		{415A387B-CAA1-453C-9C2F-EAAF8094859E}.Release|x86.ActiveCfg = Release|Win32
		{415A387B-CAA1-453C-9C2F-EAAF8094859E}.Release|x86.Build.0 = Release|Win32
		{E76DB861-9CF7-4CF2-A077-78AA9E5F5303}.Debug|x86.ActiveCfg = Debug|Win32
		{E76DB861-9CF7-4CF2-A077-78AA9E5F5303}.Debug|x86.Build.0 = Debug|Win32
		{E76DB861-9CF7-4CF2-A077-78AA9E5F5303}.Release|x86.ActiveCfg = Release|Win32
		{E76DB861-9CF7-4CF2-A077-78AA9E5F5303}.Release|x86.Build.0 = Release|Win32
		{FC2B58DF-F226-4714-9798-299876818C65}.Debug|x86.ActiveCfg = Debug|Win32
		{FC2B58DF-F226-4714-9798-299876818C65}.Debug|x86.Build.0 = Debug|Win32
		{FC2B58DF-F226-4714-9798-299876818C65}.Release|x86.ActiveCfg = Release|Win32
		{FC2B58DF-F226-4714-9798-299876818C65}.Release|x86.Build.0 = Release|Win32
		{E981104E-9040-431C-823D-8E9EB680778D}.Debug|x86.ActiveCfg = Debug|Win32
		{E981104E-9040-431C-823D-8E9EB680778D}.Debug|x86.Build.0 = Debug|Win32
		{E981104E-9040-431C-823D-8E9EB680778D}.Release|x86.ActiveCfg = Release|Win32
		{E981104E-9040-431C-823D-8E9EB680778D}.Release|x86.Build.0 = Release|Win32
		{CC5604E8-E75A-4BFF-8139-8F60C647E863}.Debug|x86.ActiveCfg = Debug|Win32
		{CC5604E8-E75A-4BFF-8139-8F60C647E863}.Debug|x86.Build.0 = Debug|Win32
		{CC5604E8-E75A-4BFF-8139-8F60C647E863}.Release|x86.ActiveCfg = Release|Win32
		{CC5604E8-E75A-4BFF-8139-8F60C647E863}.Release|x86.Build.0 = Release|Win32
		{47C579B4-D2BA-4E3F-B091-11AD2E82A876}.Debug|x86.ActiveCfg = Debug|Win32
		{47C579B4-D2BA-4E3F-B091-11AD2E82A876}.Debug|x86.Build.0 = Debug|Win32
		{47C579B4-D2BA-4E3F-B091-11AD2E82A876}.Release|x86.ActiveCfg = Release|Win32
		{47C579B4-D2BA-4E3F-B091-11AD2E82A876}.Release|x86.Build.0 = Release|Win32
		{94683E2F-0DBB-4D07-8549-A0BC062DDE14}.Debug|x86.ActiveCfg = Debug|Win32
		{94683E2F-0DBB-4D07-8549-A0BC062DDE14}.Debug|x86.Build.0 = Debug|Win32
		{94683E2F-0DBB-4D07-8549-A0BC062DDE14}.Release|x86.ActiveCfg = Release|Win32
		{94683E2F-0DBB-4D07-8549-A0BC062DDE14}.Release|x86.Build.0 = Release|Win32
		{E3A486E2-6917-49A7-BD27-6E7E52C646E9}.Debug|x86.ActiveCfg = Debug|Win32
		{E3A486E2-6917-49A7-BD27-6E7E52C646E9}.Debug|x86.Build.0 = Debug|Win32
		{E3A486E2-6917-49A7-BD27-6E7E52C646E9}.Release|x86.ActiveCfg = Release|Win32
		{E3A486E2-6917-49A7-BD27-6E7E52C646E9}.Release|x86.Build.0 = Release|Win32
		{D450380B-CD03-456C-B874-4639827A617C}.Debug|x86.ActiveCfg = Debug|Win32
		{D450380B-CD03-456C-B874-4639827A617C}.Debug|x86.Build.0 = Debug|Win32
		{D450380B-CD03-456C-B874-4639827A617C}.Release|x86.ActiveCfg = Release|Win32
		{D450380B-CD03-456C-B874-4639827A617C}.Release|x86.Build.0 = Release|Win32
		{0AE036AA-0CBE-4323-90D0-6D6F366436C8}.Debug|x86.ActiveCfg = Debug|Win32
		{0AE036AA-0CBE-4323-90D0-6D6F366436C8}.Debug|x86.Build.0 = Debug|Win32
		{0AE036AA-0CBE-4323-90D0-6D6F366436C8}.Release|x86.ActiveCfg = Release|Win32
		{0AE036AA-0CBE-4323-90D0-6D6F366436C8}.Release|x86.Build.0 = Release|Win32
		{D2ED27AE-3961-4BB3-80F1-C997831181B7}.Debug|x86.ActiveCfg = Debug|Win32
		{D2ED27AE-3961-4BB3-80F1-C997831181B7}.Debug|x86.Build.0 = Debug|Win32
		{D2ED27AE-3961-4BB3-80F1-C997831181B7}.Release|x86.ActiveCfg = Release|Win32
		{D2ED27AE-3961-4BB3-80F1-C997831181B7}.Release|x86.Build.0 = Release|Win32
		{876D20E3-51E0-4190-A673-7AAF888C03EA}.Debug|x86.ActiveCfg = Debug|Win32
		{876D20E3-51E0-4190-A673-7AAF888C03EA}.Debug|x86.Build.0 = Debug|Win32
		{876D20E3-51E0-4190-A673-7AAF888C03EA}.Release|x86.ActiveCfg = Release|Win32
		{876D20E3-51E0-4190-A673-7AAF888C03EA}.Release|x86.Build.0 = Release|Win32
		{85017BE9-A2CE-4895-A70E-81B2CE21E253}.Debug|x86.ActiveCfg = Debug|Win32
		{85017BE9-A2CE-4895-A70E-81B2CE21E253}.Debug|x86.Build.0 = Debug|Win32
		{85017BE9-A2CE-4895-A70E-81B2CE21E253}.Release|x86.ActiveCfg = Release|Win32
		{85017BE9-A2CE-4895-A70E-81B2CE21E253}.Release|x86.Build.0 = Release|Win32
		{0247DE3D-48E2-40F0-8A6A-DDA7FC8C81B9}.Debug|x86.ActiveCfg = Debug|Win32
		{0247DE3D-48E2-40F0-8A6A-DDA7FC8C81B9}.Debug|x86.Build.0 = Debug|Win32
		{0247DE3D-48E2-40F0-8A6A-DDA7FC8C81B9}.Release|x86.ActiveCfg = Release|Win32
		{0247DE3D-48E2-40F0-8A6A-DDA7FC8C81B9}.Release|x86.Build.0 = Release|Win32
		{B611CE86-05DC-47A7-9B84-49A8321FDA5D}.Debug|x86.ActiveCfg = Debug|Win32
		{B611CE86-05DC-47A7-9B84-49A8321FDA5D}.Debug|x86.Build.0 = Debug|Win32
		{B611CE86-05DC-47A7-9B84-49A8321FDA5D}.Release|x86.ActiveCfg = Release|Win32
		{B611CE86-05DC-47A7-9B84-49A8321FDA5D}.Release|x86.Build.0 = Release|Win32
		{116F1CF1-CBE8-435A-A07D-252D7D9F43BC}.Debug|x86.ActiveCfg = Debug|Win32
		{116F1CF1-CBE8-435A-A07D-252D7D9F43BC}.Debug|x86.Build.0 = Debug|Win32
		{116F1CF1-CBE8-435A-A07D-252D7D9F43BC}.Release|x86.ActiveCfg = Release|Win32
		{116F1CF1-CBE8-435A-A07D-252D7D9F43BC}.Release|x86.Build.0 = Release|Win32
		{2CF0DDD5-D516-40FA-ABD3-69413FF1E27A}.Debug|x86.ActiveCfg = Debug|Win32
		{2CF0DDD5-D516-40FA-ABD3-69413FF1E27A}.Debug|x86.Build.0 = Debug|Win32
		{2CF0DDD5-D516-40FA-ABD3-69413FF1E27A}.Release|x86.ActiveCfg = Release|Win32
		{2CF0DDD5-D516-40FA-ABD3-69413FF1E27A}.Release|x86.Build.0 = Release|Win32
		{E9CB0449-4FB2-4C7F-8949-F8F2F886661D}.Debug|x86.ActiveCfg = Debug|Win32
		{E9CB0449-4FB2-4C7F-8949-F8F2F886661D}.Debug|x86.Build.0 = Debug|Win32
		{E9CB0449-4FB2-4C7F-8949-F8F2F886661D}.Release|x86.ActiveCfg = Release|Win32
		{E9CB0449-4FB2-4C7F-8949-F8F2F886661D}.Release|x86.Build.0 = Release|Win32
		{0B61E6CF-A0E7-4E61-92D5-246A160C929C}.Debug|x86.ActiveCfg = Debug|Win32
		{0B61E6CF-A0E7-4E61-92D5-246A160C929C}.Debug|x86.Build.0 = Debug|Win32
		{0B61E6CF-A0E7-4E61-92D5-246A160C929C}.Release|x86.ActiveCfg = Release|Win32
		{0B61E6CF-A0E7-4E61-92D5-246A160C929C}.Release|x86.Build.0 = Release|Win32
		{313944E4-E50E-4F95-98B6-0FEFCD76DB54}.Debug|x86.ActiveCfg = Debug|Win32
		{313944E4-E50E-4F95-98B6-0FEFCD76DB54}.Debug|x86.Build.0 = Debug|Win32
		{313944E4-E50E-4F95-98B6-0FEFCD76DB54}.Release|x86.ActiveCfg = Release|Win32
		{313944E4-E50E-4F95-98B6-0FEFCD76DB54}.Release|x86.Build.0 = Release|Win32
		{0EE4B2A1-E2C0-4C2A-9BC8-929118F23D13}.Debug|x86.ActiveCfg = Debug|Win32
		{0EE4B2A1-E2C0-4C2A-9BC8-929118F23D13}.Debug|x86.Build.0 = Debug|Win32
		{0EE4B2A1-E2C0-4C2A-9BC8-929118F23D13}.Release|x86.ActiveCfg = Release|Win32
		{0EE4B2A1-E2C0-4C2A-9BC8-929118F23D13}.Release|x86.Build.0 = Release|Win32
		{1205442B-1CDD-4A64-BE92-6A742CA05FBA}.Debug|x86.ActiveCfg = Debug|Win32
		{1205442B-1CDD-4A64-BE92-6A742CA05FBA}.Debug|x86.Build.0 = Debug|Win32
		{1205442B-1CDD-4A64-BE92-6A742CA05FBA}.Release|x86.ActiveCfg = Release|Win32
		{1205442B-1CDD-4A64-BE92-6A742CA05FBA}.Release|x86.Build.0 = Release|Win32
		{FA31612B-72A0-4DD8-A393-A2A00DC75099}.Debug|x86.ActiveCfg = Debug|Win32
		{FA31612B-72A0-4DD8-A393-A2A00DC75099}.Debug|x86.Build.0 = Debug|Win32
		{FA31612B-72A0-4DD8-A393-A2A00DC75099}.Release|x86.ActiveCfg = Release|Win32
		{FA31612B-72A0-4DD8-A393-A2A00DC75099}.Release|x86.Build.0 = Release|Win32
		{39B6DB11-29C5-4971-BAC8-84FF64D93635}.Debug|x86.ActiveCfg = Debug|Win32
		{39B6DB11-29C5-4971-BAC8-84FF64D93635}.Debug|x86.Build.0 = Debug|Win32
		{39B6DB11-29C5-4971-BAC8-84FF64D93635}.Release|x86.ActiveCfg = Release|Win32
		{39B6DB11-29C5-4971-BAC8-84FF64D93635}.Release|x86.Build.0 = Release|Win32
		{648D7C4D-BF13-41DA-A68A-04267059B237}.Debug|x86.ActiveCfg = Debug|Win32
		{648D7C4D-BF13-41DA-A68A-04267059B237}.Debug|x86.Build.0 = Debug|Win32
		{648D7C4D-BF13-41DA-A68A-04267059B237}.Release|x86.ActiveCfg = Release|Win32
		{648D7C4D-BF13-41DA-A68A-04267059B237}.Release|x86.Build.0 = Release|Win32
		{3BF633C5-FB61-49D5-9469-75E76CD74E6D}.Debug|x86.ActiveCfg = Debug|Win32
		{3BF633C5-FB61-49D5-9469-75E76CD74E6D}.Debug|x86.Build.0 = Debug|Win32
		{3BF633C5-FB61-49D5-9469-75E76CD74E6D}.Release|x86.ActiveCfg = Release|Win32
		{3BF633C5-FB61-49D5-9469-75E76CD74E6D}.Release|x86.Build.0 = Release|Win32
		{691644E8-F1F9-44B1-B3ED-7D9D016FD965}.Debug|x86.ActiveCfg = Debug|Win32
		{691644E8-F1F9-44B1-B3ED-7D9D016FD965}.Debug|x86.Build.0 = Debug|Win32
		{691644E8-F1F9-44B1-B3ED-7D9D016FD965}.Release|x86.ActiveCfg = Release|Win32
		{691644E8-F1F9-44B1-B3ED-7D9D016FD965}.Release|x86.Build.0 = Release|Win32
		{6C56BA85-61FC-489B-B4EA-C76BEB015709}.Debug|x86.ActiveCfg = Debug|Win32
		{6C56BA85-61FC-489B-B4EA-C76BEB015709}.Debug|x86.Build.0 = Debug|Win32
		{6C56BA85-61FC-489B-B4EA-C76BEB015709}.Release|x86.ActiveCfg = Release|Win32
		{6C56BA85-61FC-489B-B4EA-C76BEB015709}.Release|x86.Build.0 = Release|Win32
		{029EB7A7-0902-4DCE-872A-E59B2C4112F5}.Debug|x86.ActiveCfg = Debug|Win32
		{029EB7A7-0902-4DCE-872A-E59B2C4112F5}.Debug|x86.Build.0 = Debug|Win32
		{029EB7A7-0902-4DCE-872A-E59B2C4112F5}.Release|x86.ActiveCfg = Release|Win32
		{029EB7A7-0902-4DCE-872A-E59B2C4112F5}.Release|x86.Build.0 = Release|Win32
		{22CA3EF9-F07A-4FB1-9B3A-0B2F2A727548}.Debug|x86.ActiveCfg = Debug|Win32
		{22CA3EF9-F07A-4FB1-9B3A-0B2F2A727548}.Debug|x86.Build.0 = Debug|Win32
		{22CA3EF9-F07A-4FB1-9B3A-0B2F2A727548}.Release|x86.ActiveCfg = Release|Win32
		{22CA3EF9-F07A-4FB1-9B3A-0B2F2A727548}.Release|x86.Build.0 = Release|Win32
		{A04862C1-704C-45F9-8F58-2CAE74677C73}.Debug|x86.ActiveCfg = Debug|Win32
		{A04862C1-704C-45F9-8F58-2CAE74677C73}.Debug|x86.Build.0 = Debug|Win32
		{A04862C1-704C-45F9-8F58-2CAE74677C73}.Release|x86.ActiveCfg = Release|Win32
		{A04862C1-704C-45F9-8F58-2CAE74677C73}.Release|x86.Build.0 = Release|Win32
		{93BE533A-C8AD-4CFD-9C1B-B8C7055503AB}.Debug|x86.ActiveCfg = Debug|Win32
		{93BE533A-C8AD-4CFD-9C1B-B8C7055503AB}.Debug|x86.Build.0 = Debug|Win32
		{93BE533A-C8AD-4CFD-9C1B-B8C7055503AB}.Release|x86.ActiveCfg = Release|Win32
		{93BE533A-C8AD-4CFD-9C1B-B8C7055503AB}.Release|x86.Build.0 = Release|Win32
		{B8893E9A-E55C-40C9-9417-2BF2214ADA9B}.Debug|x86.ActiveCfg = Debug|Win32
		{B8893E9A-E55C-40C9-9417-2BF2214ADA9B}.Debug|x86.Build.0 = Debug|Win32
		{B8893E9A-E55C-40C9-9417-2BF2214ADA9B}.Release|x86.ActiveCfg = Release|Win32
		{B8893E9A-E55C-40C9-9417-2BF2214ADA9B}.Release|x86.Build.0 = Release|Win32
		{93884344-44D8-4A27-8E93-A65E6F6E6A10}.Debug|x86.ActiveCfg = Debug|Win32
		{93884344-44D8-4A27-8E93-A65E6F6E6A10}.Debug|x86.Build.0 = Debug|Win32
		{93884344-44D8-4A27-8E93-A65E6F6E6A10}.Release|x86.ActiveCfg = Release|Win32
		{93884344-44D8-4A27-8E93-A65E6F6E6A10}.Release|x86.Build.0 = Release|Win32
		{1A252274-D265-4692-9944-17B5FEDF5217}.Debug|x86.ActiveCfg = Debug|Win32
		{1A252274-D265-4692-9944-17B5FEDF5217}.Debug|x86.Build.0 = Debug|Win32
		{1A252274-D265-4692-9944-17B5FEDF5217}.Release|x86.ActiveCfg = Release|Win32
		{1A252274-D265-4692-9944-17B5FEDF5217}.Release|x86.Build.0 = Release|Win32
		{8F8305C3-3C01-4A8A-95C3-713311FA93C7}.Debug|x86.ActiveCfg = Debug|Win32
		{8F8305C3-3C01-4A8A-95C3-713311FA93C7}.Debug|x86.Build.0 = Debug|Win32
		{8F8305C3-3C01-4A8A-95C3-713311FA93C7}.Release|x86.ActiveCfg = Release|Win32
		{8F8305C3-3C01-4A8A-95C3-713311FA93C7}.Release|x86.Build.0 = Release|Win32
		{DD6B1FEC-4238-40B2-B4D2-E4DB553C3527}.Debug|x86.ActiveCfg = Debug|Win32
		{DD6B1FEC-4238-40B2-B4D2-E4DB553C3527}.Debug|x86.Build.0 = Debug|Win32
		{DD6B1FEC-4238-40B2-B4D2-E4DB553C3527}.Release|x86.ActiveCfg = Release|Win32
		{DD6B1FEC-4238-40B2-B4D2-E4DB553C3527}.Release|x86.Build.0 = Release|Win32
	EndGlobalSection
	GlobalSection(SolutionProperties) = preSolution
		HideSolutionNode = FALSE
	EndGlobalSection
	GlobalSection(NestedProjects) = preSolution
		{DADB6887-AAD1-48B8-BE2D-94D2C36681E9} = {02EA681E-C7D8-13C7-8484-4AC65E1B71E8}
		{39F307B8-5EA9-4DA2-A01C-BE7BCFB7D6C4} = {2A16FD10-E778-49CD-98FB-A30207FE1C51}
		{415A387B-CAA1-453C-9C2F-EAAF8094859E} = {4A2A31C2-FA49-40B9-98DC-9BBB1AAA1814}
		{E76DB861-9CF7-4CF2-A077-78AA9E5F5303} = {A6014D91-A04F-4126-B115-65F17801893B}
		{FC2B58DF-F226-4714-9798-299876818C65} = {A6014D91-A04F-4126-B115-65F17801893B}
		{E981104E-9040-431C-823D-8E9EB680778D} = {A6014D91-A04F-4126-B115-65F17801893B}
		{CC5604E8-E75A-4BFF-8139-8F60C647E863} = {A6014D91-A04F-4126-B115-65F17801893B}
		{47C579B4-D2BA-4E3F-B091-11AD2E82A876} = {A6014D91-A04F-4126-B115-65F17801893B}
		{94683E2F-0DBB-4D07-8549-A0BC062DDE14} = {33F8A9D0-47D4-4058-91A8-FAE6D6BD66D3}
		{E3A486E2-6917-49A7-BD27-6E7E52C646E9} = {33F8A9D0-47D4-4058-91A8-FAE6D6BD66D3}
		{D450380B-CD03-456C-B874-4639827A617C} = {E1CCA630-C7D3-4E0E-B45F-EC9ED28E34D9}
		{0AE036AA-0CBE-4323-90D0-6D6F366436C8} = {E1CCA630-C7D3-4E0E-B45F-EC9ED28E34D9}
		{D2ED27AE-3961-4BB3-80F1-C997831181B7} = {19FB5639-0F30-4D16-97FE-C86BC7AB33FE}
		{876D20E3-51E0-4190-A673-7AAF888C03EA} = {9C4E2781-9496-4338-84AD-723493E4F562}
		{85017BE9-A2CE-4895-A70E-81B2CE21E253} = {AC3615C3-2BA4-4C69-B302-5CE0A485C684}
		{0247DE3D-48E2-40F0-8A6A-DDA7FC8C81B9} = {CA9C155D-43AD-48A1-B44F-71D2D4F55ABD}
		{B611CE86-05DC-47A7-9B84-49A8321FDA5D} = {CA9C155D-43AD-48A1-B44F-71D2D4F55ABD}
		{116F1CF1-CBE8-435A-A07D-252D7D9F43BC} = {E730AE5E-486E-4600-BFBA-7F5E49E44C0C}
		{2CF0DDD5-D516-40FA-ABD3-69413FF1E27A} = {E730AE5E-486E-4600-BFBA-7F5E49E44C0C}
		{E9CB0449-4FB2-4C7F-8949-F8F2F886661D} = {E730AE5E-486E-4600-BFBA-7F5E49E44C0C}
		{0B61E6CF-A0E7-4E61-92D5-246A160C929C} = {59B33AA9-4A78-4C56-A1C7-C9779EAE39EB}
		{313944E4-E50E-4F95-98B6-0FEFCD76DB54} = {1C226436-BF42-40D6-B1D1-BCDC2F617B01}
		{0EE4B2A1-E2C0-4C2A-9BC8-929118F23D13} = {3AACBE4E-89F6-4C89-B32E-EB243406F992}
		{1205442B-1CDD-4A64-BE92-6A742CA05FBA} = {92D660FF-3F4F-4E6F-BF81-6DEFF01CFBD5}
		{FA31612B-72A0-4DD8-A393-A2A00DC75099} = {92D660FF-3F4F-4E6F-BF81-6DEFF01CFBD5}
		{39B6DB11-29C5-4971-BAC8-84FF64D93635} = {4A5E8C3B-A0AE-4D72-B39A-654A5B527D89}
		{648D7C4D-BF13-41DA-A68A-04267059B237} = {846BF6E2-2A30-49DD-B99E-CBBE8537DF3F}
		{3BF633C5-FB61-49D5-9469-75E76CD74E6D} = {B9BB76A1-2CAC-480F-8A5D-CEB069ABADAD}
		{691644E8-F1F9-44B1-B3ED-7D9D016FD965} = {F964D310-837B-47E0-B10B-C7747ED73968}
		{6C56BA85-61FC-489B-B4EA-C76BEB015709} = {330A3CAA-099D-4F82-9965-02B3752AA168}
		{029EB7A7-0902-4DCE-872A-E59B2C4112F5} = {330A3CAA-099D-4F82-9965-02B3752AA168}
		{22CA3EF9-F07A-4FB1-9B3A-0B2F2A727548} = {27DD0F9F-DCF5-42C2-AF08-A4DA9DDEB54A}
		{A04862C1-704C-45F9-8F58-2CAE74677C73} = {BA52BCE2-DC4E-45A5-8D6D-32FD964CF8BA}
		{93BE533A-C8AD-4CFD-9C1B-B8C7055503AB} = {19C96C02-A36A-463C-B191-5CE0A027D89C}
		{B8893E9A-E55C-40C9-9417-2BF2214ADA9B} = {DA79C6E9-A9FD-4A32-946D-6970861F8BD1}
		{93884344-44D8-4A27-8E93-A65E6F6E6A10} = {DA79C6E9-A9FD-4A32-946D-6970861F8BD1}
		{1A252274-D265-4692-9944-17B5FEDF5217} = {DA79C6E9-A9FD-4A32-946D-6970861F8BD1}
		{8F8305C3-3C01-4A8A-95C3-713311FA93C7} = {DA79C6E9-A9FD-4A32-946D-6970861F8BD1}
		{DD6B1FEC-4238-40B2-B4D2-E4DB553C3527} = {DA79C6E9-A9FD-4A32-946D-6970861F8BD1}
	EndGlobalSection
	GlobalSection(ExtensibilityGlobals) = postSolution
		SolutionGuid = {6D19F63B-E2A8-4ED5-8FCD-37B2C919E8A7}
	EndGlobalSection
EndGlobal
