<?xml version="1.0" encoding="utf-8"?>
<Project ToolsVersion="4.0" xmlns="http://schemas.microsoft.com/developer/msbuild/2003">
  <ItemGroup>
    <Filter Include="00. GraphicDev">
      <UniqueIdentifier>{fe0b62cd-c594-43e1-9d4a-e8489ba89c04}</UniqueIdentifier>
    </Filter>
    <Filter Include="99. Headers">
      <UniqueIdentifier>{8b0a31d6-3fa2-426e-9e3b-c330e176ece9}</UniqueIdentifier>
    </Filter>
    <Filter Include="01. TimerMgr">
      <UniqueIdentifier>{56d358f0-d482-4ccf-82a5-f5049c1a3de0}</UniqueIdentifier>
    </Filter>
    <Filter Include="02. FrameMgr">
      <UniqueIdentifier>{f73dbd3c-1353-4163-86c8-8eb0aeb70274}</UniqueIdentifier>
    </Filter>
    <Filter Include="01. TimerMgr\Timer">
      <UniqueIdentifier>{d12555ea-9fe7-485a-96b6-dd5b4bcbce10}</UniqueIdentifier>
    </Filter>
    <Filter Include="02. FrameMgr\Frame">
      <UniqueIdentifier>{1a3b5edc-bfaa-47a0-820a-c462d8c3fa98}</UniqueIdentifier>
    </Filter>
    <Filter Include="03. Management">
      <UniqueIdentifier>{fe940001-d1d6-4eab-a260-c746505c23a6}</UniqueIdentifier>
    </Filter>
    <Filter Include="03. Management\00. Scene">
      <UniqueIdentifier>{1389865f-006a-4152-83d2-0f90d056786c}</UniqueIdentifier>
    </Filter>
    <Filter Include="03. Management\01. Layer">
      <UniqueIdentifier>{611f2970-31a6-48bf-945a-8296368a463a}</UniqueIdentifier>
    </Filter>
    <Filter Include="03. Management\02. GameObject">
      <UniqueIdentifier>{f81daeba-ce2b-415e-9be2-dcf510facfcf}</UniqueIdentifier>
    </Filter>
    <Filter Include="04. Component">
      <UniqueIdentifier>{26235b11-ab61-42f8-8322-61b7e3fe1b49}</UniqueIdentifier>
    </Filter>
    <Filter Include="04. Component\00. VIBuffer">
      <UniqueIdentifier>{a771e770-029a-4da6-adb5-d6b1d18f4c57}</UniqueIdentifier>
    </Filter>
    <Filter Include="04. Component\00. VIBuffer\00. TriCol">
      <UniqueIdentifier>{bdd2858c-ddd5-4382-96e8-84be8ed5f1cb}</UniqueIdentifier>
    </Filter>
    <Filter Include="04. Component\00. VIBuffer\01. RcCol">
      <UniqueIdentifier>{c05f1d36-b5e9-4279-957b-28d671d1a0c5}</UniqueIdentifier>
    </Filter>
    <Filter Include="05. ProtoMgr">
      <UniqueIdentifier>{a8bc2719-f834-4831-9401-5bd5ae2be5bd}</UniqueIdentifier>
    </Filter>
    <Filter Include="04. Component\01. Transform">
      <UniqueIdentifier>{c61e1dba-f7c0-4486-8d4c-babda8ed158c}</UniqueIdentifier>
    </Filter>
    <Filter Include="06. FontMgr">
      <UniqueIdentifier>{6dbb7651-c23b-4269-87b1-6c30bebd4a98}</UniqueIdentifier>
    </Filter>
    <Filter Include="06. FontMgr\Font">
      <UniqueIdentifier>{9c2be10a-15a6-4a05-9f35-c9d47281329b}</UniqueIdentifier>
    </Filter>
    <Filter Include="04. Component\00. VIBuffer\02. RcTex">
      <UniqueIdentifier>{78bca5e6-a2c3-410b-802d-e3986dde5b02}</UniqueIdentifier>
    </Filter>
    <Filter Include="04. Component\02. Texture">
      <UniqueIdentifier>{023f0eac-6052-4574-aefd-dd051dbf492d}</UniqueIdentifier>
    </Filter>
    <Filter Include="04. Component\00. VIBuffer\03. CubeTex">
      <UniqueIdentifier>{40efd09d-ed1f-4415-ba7b-4999e6627e08}</UniqueIdentifier>
    </Filter>
    <Filter Include="04. Component\00. VIBuffer\04. PyramidCol">
      <UniqueIdentifier>{e2fa2c5b-9383-49ec-ab6e-5341e3e0b4bb}</UniqueIdentifier>
    </Filter>
  </ItemGroup>
  <ItemGroup>
    <ClInclude Include="..\Header\CGraphicDev.h">
      <Filter>00. GraphicDev</Filter>
    </ClInclude>
    <ClInclude Include="..\Header\Engine_Define.h">
      <Filter>99. Headers</Filter>
    </ClInclude>
    <ClInclude Include="..\Header\Engine_Enum.h">
      <Filter>99. Headers</Filter>
    </ClInclude>
    <ClInclude Include="..\Header\Engine_Function.h">
      <Filter>99. Headers</Filter>
    </ClInclude>
    <ClInclude Include="..\Header\Engine_Macro.h">
      <Filter>99. Headers</Filter>
    </ClInclude>
    <ClInclude Include="..\Header\Engine_Struct.h">
      <Filter>99. Headers</Filter>
    </ClInclude>
    <ClInclude Include="..\Header\Engine_Typedef.h">
      <Filter>99. Headers</Filter>
    </ClInclude>
    <ClInclude Include="..\Header\CTimer.h">
      <Filter>01. TimerMgr\Timer</Filter>
    </ClInclude>
    <ClInclude Include="..\Header\CTimerMgr.h">
      <Filter>01. TimerMgr</Filter>
    </ClInclude>
    <ClInclude Include="..\Header\CFrame.h">
      <Filter>02. FrameMgr\Frame</Filter>
    </ClInclude>
    <ClInclude Include="..\Header\CFrameMgr.h">
      <Filter>02. FrameMgr</Filter>
    </ClInclude>
    <ClInclude Include="..\Header\CManagement.h">
      <Filter>03. Management</Filter>
    </ClInclude>
    <ClInclude Include="..\Header\CComponent.h">
      <Filter>04. Component</Filter>
    </ClInclude>
    <ClInclude Include="..\Header\CGameObject.h">
      <Filter>03. Management\02. GameObject</Filter>
    </ClInclude>
    <ClInclude Include="..\Header\CLayer.h">
      <Filter>03. Management\01. Layer</Filter>
    </ClInclude>
    <ClInclude Include="..\Header\CScene.h">
      <Filter>03. Management\00. Scene</Filter>
    </ClInclude>
    <ClInclude Include="..\Header\CVIBuffer.h">
      <Filter>04. Component\00. VIBuffer</Filter>
    </ClInclude>
    <ClInclude Include="..\Header\CTriCol.h">
      <Filter>04. Component\00. VIBuffer\00. TriCol</Filter>
    </ClInclude>
    <ClInclude Include="..\Header\CRcCol.h">
      <Filter>04. Component\00. VIBuffer\01. RcCol</Filter>
    </ClInclude>
    <ClInclude Include="..\Header\CProtoMgr.h">
      <Filter>05. ProtoMgr</Filter>
    </ClInclude>
    <ClInclude Include="..\Header\CTransform.h">
      <Filter>04. Component\01. Transform</Filter>
    </ClInclude>
    <ClInclude Include="..\Header\CFont.h">
      <Filter>06. FontMgr\Font</Filter>
    </ClInclude>
    <ClInclude Include="..\Header\CFontMgr.h">
      <Filter>06. FontMgr</Filter>
    </ClInclude>
    <ClInclude Include="..\Header\CRcTex.h">
      <Filter>04. Component\00. VIBuffer\02. RcTex</Filter>
    </ClInclude>
    <ClInclude Include="..\Header\CTexture.h">
      <Filter>04. Component\02. Texture</Filter>
    </ClInclude>
    <ClInclude Include="..\Header\CCubeTex.h">
      <Filter>04. Component\00. VIBuffer\03. CubeTex</Filter>
    </ClInclude>
    <ClInclude Include="..\Header\CPyramidCol.h">
      <Filter>04. Component\00. VIBuffer\04. PyramidCol</Filter>
    </ClInclude>
  </ItemGroup>
  <ItemGroup>
    <ClCompile Include="..\Code\CGraphicDev.cpp">
      <Filter>00. GraphicDev</Filter>
    </ClCompile>
    <ClCompile Include="..\Code\CTimer.cpp">
      <Filter>01. TimerMgr\Timer</Filter>
    </ClCompile>
    <ClCompile Include="..\Code\CTimerMgr.cpp">
      <Filter>01. TimerMgr</Filter>
    </ClCompile>
    <ClCompile Include="..\Code\CFrame.cpp">
      <Filter>02. FrameMgr\Frame</Filter>
    </ClCompile>
    <ClCompile Include="..\Code\CFrameMgr.cpp">
      <Filter>02. FrameMgr</Filter>
    </ClCompile>
    <ClCompile Include="..\Code\CComponent.cpp">
      <Filter>04. Component</Filter>
    </ClCompile>
    <ClCompile Include="..\Code\CGameObject.cpp">
      <Filter>03. Management\02. GameObject</Filter>
    </ClCompile>
    <ClCompile Include="..\Code\CLayer.cpp">
      <Filter>03. Management\01. Layer</Filter>
    </ClCompile>
    <ClCompile Include="..\Code\CScene.cpp">
      <Filter>03. Management\00. Scene</Filter>
    </ClCompile>
    <ClCompile Include="..\Code\CManagement.cpp">
      <Filter>03. Management</Filter>
    </ClCompile>
    <ClCompile Include="..\Code\CVIBuffer.cpp">
      <Filter>04. Component\00. VIBuffer</Filter>
    </ClCompile>
    <ClCompile Include="..\Code\CTriCol.cpp">
      <Filter>04. Component\00. VIBuffer\00. TriCol</Filter>
    </ClCompile>
    <ClCompile Include="..\Code\CRcCol.cpp">
      <Filter>04. Component\00. VIBuffer\01. RcCol</Filter>
    </ClCompile>
    <ClCompile Include="..\Code\CProtoMgr.cpp">
      <Filter>05. ProtoMgr</Filter>
    </ClCompile>
    <ClCompile Include="..\Code\CTransform.cpp">
      <Filter>04. Component\01. Transform</Filter>
    </ClCompile>
    <ClCompile Include="..\Code\CFont.cpp">
      <Filter>06. FontMgr\Font</Filter>
    </ClCompile>
    <ClCompile Include="..\Code\CFontMgr.cpp">
      <Filter>06. FontMgr</Filter>
    </ClCompile>
    <ClCompile Include="..\Code\CRcTex.cpp">
      <Filter>04. Component\00. VIBuffer\02. RcTex</Filter>
    </ClCompile>
    <ClCompile Include="..\Code\CTexture.cpp">
      <Filter>04. Component\02. Texture</Filter>
    </ClCompile>
    <ClCompile Include="..\Code\CCubeTex.cpp">
      <Filter>04. Component\00. VIBuffer\03. CubeTex</Filter>
    </ClCompile>
    <ClCompile Include="..\Code\CPyramidCol.cpp">
      <Filter>04. Component\00. VIBuffer\04. PyramidCol</Filter>
    </ClCompile>
  </ItemGroup>
</Project>