
Microsoft Visual Studio Solution File, Format Version 12.00
# Visual Studio Version 17
VisualStudioVersion = 17.14.37027.9 d17.14
MinimumVisualStudioVersion = 10.0.40219.1
Project("{8BC9CEB8-8B4A-11D0-8D11-00A0C91BC942}") = "260423", "260423.vcxproj", "{8B32D741-7C9F-4988-B279-8953A40CE41C}"
EndProject
Global
	GlobalSection(SolutionConfigurationPlatforms) = preSolution
		Debug|x64 = Debug|x64
		Debug|x86 = Debug|x86
		Release|x64 = Release|x64
		Release|x86 = Release|x86
	EndGlobalSection
	GlobalSection(ProjectConfigurationPlatforms) = postSolution
		{8B32D741-7C9F-4988-B279-8953A40CE41C}.Debug|x64.ActiveCfg = Debug|x64
		{8B32D741-7C9F-4988-B279-8953A40CE41C}.Debug|x64.Build.0 = Debug|x64
		{8B32D741-7C9F-4988-B279-8953A40CE41C}.Debug|x86.ActiveCfg = Debug|Win32
		{8B32D741-7C9F-4988-B279-8953A40CE41C}.Debug|x86.Build.0 = Debug|Win32
		{8B32D741-7C9F-4988-B279-8953A40CE41C}.Release|x64.ActiveCfg = Release|x64
		{8B32D741-7C9F-4988-B279-8953A40CE41C}.Release|x64.Build.0 = Release|x64
		{8B32D741-7C9F-4988-B279-8953A40CE41C}.Release|x86.ActiveCfg = Release|Win32
		{8B32D741-7C9F-4988-B279-8953A40CE41C}.Release|x86.Build.0 = Release|Win32
	EndGlobalSection
	GlobalSection(SolutionProperties) = preSolution
		HideSolutionNode = FALSE
	EndGlobalSection
	GlobalSection(ExtensibilityGlobals) = postSolution
		SolutionGuid = {9ECBC1C1-55A3-4BCF-9B4F-C997213C3E74}
	EndGlobalSection
EndGlobal
